// !$*UTF8*$!
{
	archiveVersion = 1;
	classes = {
	};
	objectVersion = 46;
	objects = {

/* Begin PBXBuildFile section */
		16FF05CE1B58A8D200E6FE17 /* SwappCertification.zip in Resources */ = {isa = PBXBuildFile; fileRef = 16FF05CD1B58A8D200E6FE17 /* SwappCertification.zip */; };
		16FF05D11B58A9A200E6FE17 /* CertificationREADME.txt in Resources */ = {isa = PBXBuildFile; fileRef = 16FF05D01B58A9A200E6FE17 /* CertificationREADME.txt */; };
		C4023BC21B51F3E100CC5A45 /* BarterTableViewCell.m in Sources */ = {isa = PBXBuildFile; fileRef = C4023BC01B51F3E100CC5A45 /* BarterTableViewCell.m */; };
		C4023BC31B51F3E100CC5A45 /* BarterTableViewCell.xib in Resources */ = {isa = PBXBuildFile; fileRef = C4023BC11B51F3E100CC5A45 /* BarterTableViewCell.xib */; };
		C4023BC71B51F40F00CC5A45 /* MainCollectionViewCell.m in Sources */ = {isa = PBXBuildFile; fileRef = C4023BC51B51F40F00CC5A45 /* MainCollectionViewCell.m */; };
		C4023BC81B51F40F00CC5A45 /* MainCollectionViewCell.xib in Resources */ = {isa = PBXBuildFile; fileRef = C4023BC61B51F40F00CC5A45 /* MainCollectionViewCell.xib */; };
		C40B3BB71B5C459800D674CB /* SWRevealViewController.m in Sources */ = {isa = PBXBuildFile; fileRef = C40B3BB61B5C459800D674CB /* SWRevealViewController.m */; };
		C40B3BBC1B5C68A900D674CB /* SideBarTableViewController.m in Sources */ = {isa = PBXBuildFile; fileRef = C40B3BBB1B5C68A900D674CB /* SideBarTableViewController.m */; };
		C40B3BC11B5C6C6900D674CB /* SideBarTableViewCell.m in Sources */ = {isa = PBXBuildFile; fileRef = C40B3BBF1B5C6C6900D674CB /* SideBarTableViewCell.m */; };
		C40E39851B6070370046AC2F /* ItemDetailViewController.m in Sources */ = {isa = PBXBuildFile; fileRef = C40E39831B6070370046AC2F /* ItemDetailViewController.m */; };
		C40E39861B6070370046AC2F /* ItemDetailViewController.xib in Resources */ = {isa = PBXBuildFile; fileRef = C40E39841B6070370046AC2F /* ItemDetailViewController.xib */; };
		C42505061B52C4D700231183 /* BarterDetailViewController.m in Sources */ = {isa = PBXBuildFile; fileRef = C42505041B52C4D700231183 /* BarterDetailViewController.m */; };
		C42505071B52C4D700231183 /* BarterDetailViewController.xib in Resources */ = {isa = PBXBuildFile; fileRef = C42505051B52C4D700231183 /* BarterDetailViewController.xib */; };
		C4328E161B61EC1600247B17 /* NotificationTableViewController.m in Sources */ = {isa = PBXBuildFile; fileRef = C4328E151B61EC1600247B17 /* NotificationTableViewController.m */; };
		C4328E201B652A7700247B17 /* LMCollectionViewLayout.m in Sources */ = {isa = PBXBuildFile; fileRef = C4328E1F1B652A7700247B17 /* LMCollectionViewLayout.m */; };
		C4328E231B652C4E00247B17 /* LMCollectionViewController.m in Sources */ = {isa = PBXBuildFile; fileRef = C4328E221B652C4E00247B17 /* LMCollectionViewController.m */; };
		C44E20451B69C85B00C8993E /* MyStoreViewController.m in Sources */ = {isa = PBXBuildFile; fileRef = C44E20441B69C85B00C8993E /* MyStoreViewController.m */; };
		C44E20491B6B1E3B00C8993E /* SettingsTableViewController.m in Sources */ = {isa = PBXBuildFile; fileRef = C44E20481B6B1E3B00C8993E /* SettingsTableViewController.m */; };
		C44E204F1B6E959100C8993E /* HorizontalMenu.m in Sources */ = {isa = PBXBuildFile; fileRef = C44E204E1B6E959100C8993E /* HorizontalMenu.m */; };
		C44E205A1B6EDE7E00C8993E /* StoreCollectionViewCell.m in Sources */ = {isa = PBXBuildFile; fileRef = C44E20581B6EDE7E00C8993E /* StoreCollectionViewCell.m */; };
		C44E205B1B6EDE7E00C8993E /* StoreCollectionViewCell.xib in Resources */ = {isa = PBXBuildFile; fileRef = C44E20591B6EDE7E00C8993E /* StoreCollectionViewCell.xib */; };
		C44E205D1B6F007600C8993E /* bellucci.jpg in Resources */ = {isa = PBXBuildFile; fileRef = C44E205C1B6F007600C8993E /* bellucci.jpg */; };
		C4B016191B567E0600EA4F92 /* SystemConfiguration.framework in Frameworks */ = {isa = PBXBuildFile; fileRef = C4B016181B567E0600EA4F92 /* SystemConfiguration.framework */; };
		C4DBBC901B54C07C00E62818 /* NetworkCheck.m in Sources */ = {isa = PBXBuildFile; fileRef = C4DBBC8F1B54C07C00E62818 /* NetworkCheck.m */; };
		DAB979271B4CC9B100314A35 /* BarterTableViewController.m in Sources */ = {isa = PBXBuildFile; fileRef = DAB979251B4CC9B100314A35 /* BarterTableViewController.m */; };
		DAC619EF1B4B71540078F737 /* main.m in Sources */ = {isa = PBXBuildFile; fileRef = DAC619EE1B4B71540078F737 /* main.m */; };
		DAC619F21B4B71540078F737 /* AppDelegate.m in Sources */ = {isa = PBXBuildFile; fileRef = DAC619F11B4B71540078F737 /* AppDelegate.m */; };
		DAC619F81B4B71540078F737 /* Main.storyboard in Resources */ = {isa = PBXBuildFile; fileRef = DAC619F61B4B71540078F737 /* Main.storyboard */; };
		DAC619FA1B4B71540078F737 /* Images.xcassets in Resources */ = {isa = PBXBuildFile; fileRef = DAC619F91B4B71540078F737 /* Images.xcassets */; };
		DAC619FD1B4B71540078F737 /* LaunchScreen.xib in Resources */ = {isa = PBXBuildFile; fileRef = DAC619FB1B4B71540078F737 /* LaunchScreen.xib */; };
		DAC61A091B4B71540078F737 /* SwappTests.m in Sources */ = {isa = PBXBuildFile; fileRef = DAC61A081B4B71540078F737 /* SwappTests.m */; };
/* End PBXBuildFile section */

/* Begin PBXContainerItemProxy section */
		DAC61A031B4B71540078F737 /* PBXContainerItemProxy */ = {
			isa = PBXContainerItemProxy;
			containerPortal = DAC619E11B4B71540078F737 /* Project object */;
			proxyType = 1;
			remoteGlobalIDString = DAC619E81B4B71540078F737;
			remoteInfo = Swapp;
		};
/* End PBXContainerItemProxy section */

/* Begin PBXFileReference section */
		16FF05CD1B58A8D200E6FE17 /* SwappCertification.zip */ = {isa = PBXFileReference; lastKnownFileType = archive.zip; path = SwappCertification.zip; sourceTree = "<group>"; };
		16FF05D01B58A9A200E6FE17 /* CertificationREADME.txt */ = {isa = PBXFileReference; fileEncoding = 4; lastKnownFileType = text; path = CertificationREADME.txt; sourceTree = "<group>"; };
		C4023BBF1B51F3E100CC5A45 /* BarterTableViewCell.h */ = {isa = PBXFileReference; fileEncoding = 4; lastKnownFileType = sourcecode.c.h; path = BarterTableViewCell.h; sourceTree = "<group>"; };
		C4023BC01B51F3E100CC5A45 /* BarterTableViewCell.m */ = {isa = PBXFileReference; fileEncoding = 4; lastKnownFileType = sourcecode.c.objc; path = BarterTableViewCell.m; sourceTree = "<group>"; };
		C4023BC11B51F3E100CC5A45 /* BarterTableViewCell.xib */ = {isa = PBXFileReference; fileEncoding = 4; lastKnownFileType = file.xib; path = BarterTableViewCell.xib; sourceTree = "<group>"; };
		C4023BC41B51F40F00CC5A45 /* MainCollectionViewCell.h */ = {isa = PBXFileReference; fileEncoding = 4; lastKnownFileType = sourcecode.c.h; path = MainCollectionViewCell.h; sourceTree = "<group>"; };
		C4023BC51B51F40F00CC5A45 /* MainCollectionViewCell.m */ = {isa = PBXFileReference; fileEncoding = 4; lastKnownFileType = sourcecode.c.objc; path = MainCollectionViewCell.m; sourceTree = "<group>"; };
		C4023BC61B51F40F00CC5A45 /* MainCollectionViewCell.xib */ = {isa = PBXFileReference; fileEncoding = 4; lastKnownFileType = file.xib; path = MainCollectionViewCell.xib; sourceTree = "<group>"; };
		C4023BC91B51F8D000CC5A45 /* CommonImports.h */ = {isa = PBXFileReference; lastKnownFileType = sourcecode.c.h; path = CommonImports.h; sourceTree = "<group>"; };
		C40B3BB51B5C459800D674CB /* SWRevealViewController.h */ = {isa = PBXFileReference; fileEncoding = 4; lastKnownFileType = sourcecode.c.h; path = SWRevealViewController.h; sourceTree = "<group>"; };
		C40B3BB61B5C459800D674CB /* SWRevealViewController.m */ = {isa = PBXFileReference; fileEncoding = 4; lastKnownFileType = sourcecode.c.objc; path = SWRevealViewController.m; sourceTree = "<group>"; };
		C40B3BBA1B5C68A900D674CB /* SideBarTableViewController.h */ = {isa = PBXFileReference; fileEncoding = 4; lastKnownFileType = sourcecode.c.h; path = SideBarTableViewController.h; sourceTree = "<group>"; };
		C40B3BBB1B5C68A900D674CB /* SideBarTableViewController.m */ = {isa = PBXFileReference; fileEncoding = 4; lastKnownFileType = sourcecode.c.objc; path = SideBarTableViewController.m; sourceTree = "<group>"; };
		C40B3BBE1B5C6C6900D674CB /* SideBarTableViewCell.h */ = {isa = PBXFileReference; fileEncoding = 4; lastKnownFileType = sourcecode.c.h; path = SideBarTableViewCell.h; sourceTree = "<group>"; };
		C40B3BBF1B5C6C6900D674CB /* SideBarTableViewCell.m */ = {isa = PBXFileReference; fileEncoding = 4; lastKnownFileType = sourcecode.c.objc; path = SideBarTableViewCell.m; sourceTree = "<group>"; };
		C40E39821B6070370046AC2F /* ItemDetailViewController.h */ = {isa = PBXFileReference; fileEncoding = 4; lastKnownFileType = sourcecode.c.h; path = ItemDetailViewController.h; sourceTree = "<group>"; };
		C40E39831B6070370046AC2F /* ItemDetailViewController.m */ = {isa = PBXFileReference; fileEncoding = 4; lastKnownFileType = sourcecode.c.objc; path = ItemDetailViewController.m; sourceTree = "<group>"; };
		C40E39841B6070370046AC2F /* ItemDetailViewController.xib */ = {isa = PBXFileReference; fileEncoding = 4; lastKnownFileType = file.xib; path = ItemDetailViewController.xib; sourceTree = "<group>"; };
		C42505031B52C4D700231183 /* BarterDetailViewController.h */ = {isa = PBXFileReference; fileEncoding = 4; lastKnownFileType = sourcecode.c.h; path = BarterDetailViewController.h; sourceTree = "<group>"; };
		C42505041B52C4D700231183 /* BarterDetailViewController.m */ = {isa = PBXFileReference; fileEncoding = 4; lastKnownFileType = sourcecode.c.objc; path = BarterDetailViewController.m; sourceTree = "<group>"; };
		C42505051B52C4D700231183 /* BarterDetailViewController.xib */ = {isa = PBXFileReference; fileEncoding = 4; lastKnownFileType = file.xib; path = BarterDetailViewController.xib; sourceTree = "<group>"; };
		C4328E141B61EC1600247B17 /* NotificationTableViewController.h */ = {isa = PBXFileReference; fileEncoding = 4; lastKnownFileType = sourcecode.c.h; path = NotificationTableViewController.h; sourceTree = "<group>"; };
		C4328E151B61EC1600247B17 /* NotificationTableViewController.m */ = {isa = PBXFileReference; fileEncoding = 4; lastKnownFileType = sourcecode.c.objc; path = NotificationTableViewController.m; sourceTree = "<group>"; };
		C4328E1E1B652A7700247B17 /* LMCollectionViewLayout.h */ = {isa = PBXFileReference; fileEncoding = 4; lastKnownFileType = sourcecode.c.h; path = LMCollectionViewLayout.h; sourceTree = "<group>"; };
		C4328E1F1B652A7700247B17 /* LMCollectionViewLayout.m */ = {isa = PBXFileReference; fileEncoding = 4; lastKnownFileType = sourcecode.c.objc; path = LMCollectionViewLayout.m; sourceTree = "<group>"; };
		C4328E211B652C4E00247B17 /* LMCollectionViewController.h */ = {isa = PBXFileReference; fileEncoding = 4; lastKnownFileType = sourcecode.c.h; path = LMCollectionViewController.h; sourceTree = "<group>"; };
		C4328E221B652C4E00247B17 /* LMCollectionViewController.m */ = {isa = PBXFileReference; fileEncoding = 4; lastKnownFileType = sourcecode.c.objc; path = LMCollectionViewController.m; sourceTree = "<group>"; };
		C44E20431B69C85B00C8993E /* MyStoreViewController.h */ = {isa = PBXFileReference; fileEncoding = 4; lastKnownFileType = sourcecode.c.h; path = MyStoreViewController.h; sourceTree = "<group>"; };
		C44E20441B69C85B00C8993E /* MyStoreViewController.m */ = {isa = PBXFileReference; fileEncoding = 4; lastKnownFileType = sourcecode.c.objc; path = MyStoreViewController.m; sourceTree = "<group>"; };
		C44E20471B6B1E3B00C8993E /* SettingsTableViewController.h */ = {isa = PBXFileReference; fileEncoding = 4; lastKnownFileType = sourcecode.c.h; path = SettingsTableViewController.h; sourceTree = "<group>"; };
		C44E20481B6B1E3B00C8993E /* SettingsTableViewController.m */ = {isa = PBXFileReference; fileEncoding = 4; lastKnownFileType = sourcecode.c.objc; path = SettingsTableViewController.m; sourceTree = "<group>"; };
		C44E204D1B6E959100C8993E /* HorizontalMenu.h */ = {isa = PBXFileReference; fileEncoding = 4; lastKnownFileType = sourcecode.c.h; path = HorizontalMenu.h; sourceTree = "<group>"; };
		C44E204E1B6E959100C8993E /* HorizontalMenu.m */ = {isa = PBXFileReference; fileEncoding = 4; lastKnownFileType = sourcecode.c.objc; path = HorizontalMenu.m; sourceTree = "<group>"; };
		C44E20571B6EDE7E00C8993E /* StoreCollectionViewCell.h */ = {isa = PBXFileReference; fileEncoding = 4; lastKnownFileType = sourcecode.c.h; path = StoreCollectionViewCell.h; sourceTree = "<group>"; };
		C44E20581B6EDE7E00C8993E /* StoreCollectionViewCell.m */ = {isa = PBXFileReference; fileEncoding = 4; lastKnownFileType = sourcecode.c.objc; path = StoreCollectionViewCell.m; sourceTree = "<group>"; };
		C44E20591B6EDE7E00C8993E /* StoreCollectionViewCell.xib */ = {isa = PBXFileReference; fileEncoding = 4; lastKnownFileType = file.xib; path = StoreCollectionViewCell.xib; sourceTree = "<group>"; };
		C44E205C1B6F007600C8993E /* bellucci.jpg */ = {isa = PBXFileReference; lastKnownFileType = image.jpeg; path = bellucci.jpg; sourceTree = "<group>"; };
		C4B016181B567E0600EA4F92 /* SystemConfiguration.framework */ = {isa = PBXFileReference; lastKnownFileType = wrapper.framework; name = SystemConfiguration.framework; path = System/Library/Frameworks/SystemConfiguration.framework; sourceTree = SDKROOT; };
		C4DBBC8F1B54C07C00E62818 /* NetworkCheck.m */ = {isa = PBXFileReference; fileEncoding = 4; lastKnownFileType = sourcecode.c.objc; path = NetworkCheck.m; sourceTree = "<group>"; };
		C4DBBC911B54C09800E62818 /* NetworkCheck.h */ = {isa = PBXFileReference; fileEncoding = 4; lastKnownFileType = sourcecode.c.h; path = NetworkCheck.h; sourceTree = "<group>"; };
		DAB979241B4CC9B100314A35 /* BarterTableViewController.h */ = {isa = PBXFileReference; fileEncoding = 4; lastKnownFileType = sourcecode.c.h; path = BarterTableViewController.h; sourceTree = "<group>"; };
		DAB979251B4CC9B100314A35 /* BarterTableViewController.m */ = {isa = PBXFileReference; fileEncoding = 4; lastKnownFileType = sourcecode.c.objc; path = BarterTableViewController.m; sourceTree = "<group>"; };
		DAC619E91B4B71540078F737 /* Swapp.app */ = {isa = PBXFileReference; explicitFileType = wrapper.application; includeInIndex = 0; path = Swapp.app; sourceTree = BUILT_PRODUCTS_DIR; };
		DAC619ED1B4B71540078F737 /* Info.plist */ = {isa = PBXFileReference; lastKnownFileType = text.plist.xml; path = Info.plist; sourceTree = "<group>"; };
		DAC619EE1B4B71540078F737 /* main.m */ = {isa = PBXFileReference; lastKnownFileType = sourcecode.c.objc; path = main.m; sourceTree = "<group>"; };
		DAC619F01B4B71540078F737 /* AppDelegate.h */ = {isa = PBXFileReference; lastKnownFileType = sourcecode.c.h; path = AppDelegate.h; sourceTree = "<group>"; };
		DAC619F11B4B71540078F737 /* AppDelegate.m */ = {isa = PBXFileReference; lastKnownFileType = sourcecode.c.objc; path = AppDelegate.m; sourceTree = "<group>"; };
		DAC619F71B4B71540078F737 /* Base */ = {isa = PBXFileReference; lastKnownFileType = file.storyboard; name = Base; path = Base.lproj/Main.storyboard; sourceTree = "<group>"; };
		DAC619F91B4B71540078F737 /* Images.xcassets */ = {isa = PBXFileReference; lastKnownFileType = folder.assetcatalog; path = Images.xcassets; sourceTree = "<group>"; };
		DAC619FC1B4B71540078F737 /* Base */ = {isa = PBXFileReference; lastKnownFileType = file.xib; name = Base; path = Base.lproj/LaunchScreen.xib; sourceTree = "<group>"; };
		DAC61A021B4B71540078F737 /* SwappTests.xctest */ = {isa = PBXFileReference; explicitFileType = wrapper.cfbundle; includeInIndex = 0; path = SwappTests.xctest; sourceTree = BUILT_PRODUCTS_DIR; };
		DAC61A071B4B71540078F737 /* Info.plist */ = {isa = PBXFileReference; lastKnownFileType = text.plist.xml; path = Info.plist; sourceTree = "<group>"; };
		DAC61A081B4B71540078F737 /* SwappTests.m */ = {isa = PBXFileReference; lastKnownFileType = sourcecode.c.objc; path = SwappTests.m; sourceTree = "<group>"; };
/* End PBXFileReference section */

/* Begin PBXFrameworksBuildPhase section */
		DAC619E61B4B71540078F737 /* Frameworks */ = {
			isa = PBXFrameworksBuildPhase;
			buildActionMask = 2147483647;
			files = (
				C4B016191B567E0600EA4F92 /* SystemConfiguration.framework in Frameworks */,
			);
			runOnlyForDeploymentPostprocessing = 0;
		};
		DAC619FF1B4B71540078F737 /* Frameworks */ = {
			isa = PBXFrameworksBuildPhase;
			buildActionMask = 2147483647;
			files = (
			);
			runOnlyForDeploymentPostprocessing = 0;
		};
/* End PBXFrameworksBuildPhase section */

/* Begin PBXGroup section */
		16FF05CF1B58A8D700E6FE17 /* Certifications */ = {
			isa = PBXGroup;
			children = (
				16FF05CD1B58A8D200E6FE17 /* SwappCertification.zip */,
				16FF05D01B58A9A200E6FE17 /* CertificationREADME.txt */,
			);
			name = Certifications;
			sourceTree = "<group>";
		};
		C40B3BB81B5C469500D674CB /* Frameworks */ = {
			isa = PBXGroup;
			children = (
				C4B016181B567E0600EA4F92 /* SystemConfiguration.framework */,
			);
			name = Frameworks;
			sourceTree = "<group>";
		};
		C40B3BB91B5C67A500D674CB /* SideBar */ = {
			isa = PBXGroup;
			children = (
				C40B3BBA1B5C68A900D674CB /* SideBarTableViewController.h */,
				C40B3BBB1B5C68A900D674CB /* SideBarTableViewController.m */,
				C40B3BBE1B5C6C6900D674CB /* SideBarTableViewCell.h */,
				C40B3BBF1B5C6C6900D674CB /* SideBarTableViewCell.m */,
			);
			name = SideBar;
			sourceTree = "<group>";
		};
		C40B3BBD1B5C6B7200D674CB /* UIImages */ = {
			isa = PBXGroup;
			children = (
			);
			name = UIImages;
			sourceTree = "<group>";
		};
		C4328E131B61EBF800247B17 /* Notification */ = {
			isa = PBXGroup;
			children = (
				C4328E141B61EC1600247B17 /* NotificationTableViewController.h */,
				C4328E151B61EC1600247B17 /* NotificationTableViewController.m */,
			);
			name = Notification;
			sourceTree = "<group>";
		};
		C4328E1D1B652A3600247B17 /* LMCollectionViewLayout */ = {
			isa = PBXGroup;
			children = (
				C4328E1E1B652A7700247B17 /* LMCollectionViewLayout.h */,
				C4328E1F1B652A7700247B17 /* LMCollectionViewLayout.m */,
			);
			name = LMCollectionViewLayout;
			sourceTree = "<group>";
		};
		C44E20421B69C83900C8993E /* MyStore */ = {
			isa = PBXGroup;
			children = (
				C44E20431B69C85B00C8993E /* MyStoreViewController.h */,
				C44E20441B69C85B00C8993E /* MyStoreViewController.m */,
				C44E204D1B6E959100C8993E /* HorizontalMenu.h */,
				C44E204E1B6E959100C8993E /* HorizontalMenu.m */,
				C44E20571B6EDE7E00C8993E /* StoreCollectionViewCell.h */,
				C44E20581B6EDE7E00C8993E /* StoreCollectionViewCell.m */,
				C44E20591B6EDE7E00C8993E /* StoreCollectionViewCell.xib */,
			);
			name = MyStore;
			sourceTree = "<group>";
		};
		C44E20461B6B1E1400C8993E /* Settings */ = {
			isa = PBXGroup;
			children = (
				C44E20471B6B1E3B00C8993E /* SettingsTableViewController.h */,
				C44E20481B6B1E3B00C8993E /* SettingsTableViewController.m */,
			);
			name = Settings;
			sourceTree = "<group>";
		};
		C4DBBC8E1B54BFA500E62818 /* NetworkReliability */ = {
			isa = PBXGroup;
			children = (
				C4DBBC911B54C09800E62818 /* NetworkCheck.h */,
				C4DBBC8F1B54C07C00E62818 /* NetworkCheck.m */,
			);
			name = NetworkReliability;
			sourceTree = "<group>";
		};
		DAB979231B4CC76000314A35 /* BarterTable */ = {
			isa = PBXGroup;
			children = (
				DAB979241B4CC9B100314A35 /* BarterTableViewController.h */,
				DAB979251B4CC9B100314A35 /* BarterTableViewController.m */,
				C4023BBF1B51F3E100CC5A45 /* BarterTableViewCell.h */,
				C4023BC01B51F3E100CC5A45 /* BarterTableViewCell.m */,
				C4023BC11B51F3E100CC5A45 /* BarterTableViewCell.xib */,
				C42505031B52C4D700231183 /* BarterDetailViewController.h */,
				C42505041B52C4D700231183 /* BarterDetailViewController.m */,
				C42505051B52C4D700231183 /* BarterDetailViewController.xib */,
			);
			name = BarterTable;
			sourceTree = "<group>";
		};
		DAC619E01B4B71540078F737 = {
			isa = PBXGroup;
			children = (
				C44E20461B6B1E1400C8993E /* Settings */,
				C44E20421B69C83900C8993E /* MyStore */,
				C4328E131B61EBF800247B17 /* Notification */,
				16FF05CF1B58A8D700E6FE17 /* Certifications */,
				DAD5F04D1B4F7C6B0061F8CD /* MainPage */,
				DAB979231B4CC76000314A35 /* BarterTable */,
				C40B3BB91B5C67A500D674CB /* SideBar */,
				DAC619EB1B4B71540078F737 /* Swapp */,
				C4328E1D1B652A3600247B17 /* LMCollectionViewLayout */,
				C4DBBC8E1B54BFA500E62818 /* NetworkReliability */,
				C40B3BB81B5C469500D674CB /* Frameworks */,
				DAC61A051B4B71540078F737 /* SwappTests */,
				DAC619EA1B4B71540078F737 /* Products */,
			);
			sourceTree = "<group>";
		};
		DAC619EA1B4B71540078F737 /* Products */ = {
			isa = PBXGroup;
			children = (
				DAC619E91B4B71540078F737 /* Swapp.app */,
				DAC61A021B4B71540078F737 /* SwappTests.xctest */,
			);
			name = Products;
			sourceTree = "<group>";
		};
		DAC619EB1B4B71540078F737 /* Swapp */ = {
			isa = PBXGroup;
			children = (
				C4023BC91B51F8D000CC5A45 /* CommonImports.h */,
				DAC619F01B4B71540078F737 /* AppDelegate.h */,
				DAC619F11B4B71540078F737 /* AppDelegate.m */,
				C40B3BB51B5C459800D674CB /* SWRevealViewController.h */,
				C40B3BB61B5C459800D674CB /* SWRevealViewController.m */,
				DAC619F61B4B71540078F737 /* Main.storyboard */,
				DAC619F91B4B71540078F737 /* Images.xcassets */,
				DAC619FB1B4B71540078F737 /* LaunchScreen.xib */,
				DAC619EC1B4B71540078F737 /* Supporting Files */,
			);
			path = Swapp;
			sourceTree = "<group>";
		};
		DAC619EC1B4B71540078F737 /* Supporting Files */ = {
			isa = PBXGroup;
			children = (
				C44E205C1B6F007600C8993E /* bellucci.jpg */,
				C40B3BBD1B5C6B7200D674CB /* UIImages */,
				DAC619ED1B4B71540078F737 /* Info.plist */,
				DAC619EE1B4B71540078F737 /* main.m */,
			);
			name = "Supporting Files";
			sourceTree = "<group>";
		};
		DAC61A051B4B71540078F737 /* SwappTests */ = {
			isa = PBXGroup;
			children = (
				DAC61A081B4B71540078F737 /* SwappTests.m */,
				DAC61A061B4B71540078F737 /* Supporting Files */,
			);
			path = SwappTests;
			sourceTree = "<group>";
		};
		DAC61A061B4B71540078F737 /* Supporting Files */ = {
			isa = PBXGroup;
			children = (
				DAC61A071B4B71540078F737 /* Info.plist */,
			);
			name = "Supporting Files";
			sourceTree = "<group>";
		};
		DAD5F04D1B4F7C6B0061F8CD /* MainPage */ = {
			isa = PBXGroup;
			children = (
				C4328E211B652C4E00247B17 /* LMCollectionViewController.h */,
				C4328E221B652C4E00247B17 /* LMCollectionViewController.m */,
				C4023BC41B51F40F00CC5A45 /* MainCollectionViewCell.h */,
				C4023BC51B51F40F00CC5A45 /* MainCollectionViewCell.m */,
				C4023BC61B51F40F00CC5A45 /* MainCollectionViewCell.xib */,
				C40E39821B6070370046AC2F /* ItemDetailViewController.h */,
				C40E39831B6070370046AC2F /* ItemDetailViewController.m */,
				C40E39841B6070370046AC2F /* ItemDetailViewController.xib */,
			);
			name = MainPage;
			sourceTree = "<group>";
		};
/* End PBXGroup section */

/* Begin PBXNativeTarget section */
		DAC619E81B4B71540078F737 /* Swapp */ = {
			isa = PBXNativeTarget;
			buildConfigurationList = DAC61A0C1B4B71540078F737 /* Build configuration list for PBXNativeTarget "Swapp" */;
			buildPhases = (
				DAC619E51B4B71540078F737 /* Sources */,
				DAC619E61B4B71540078F737 /* Frameworks */,
				DAC619E71B4B71540078F737 /* Resources */,
			);
			buildRules = (
			);
			dependencies = (
			);
			name = Swapp;
			productName = Swapp;
			productReference = DAC619E91B4B71540078F737 /* Swapp.app */;
			productType = "com.apple.product-type.application";
		};
		DAC61A011B4B71540078F737 /* SwappTests */ = {
			isa = PBXNativeTarget;
			buildConfigurationList = DAC61A0F1B4B71540078F737 /* Build configuration list for PBXNativeTarget "SwappTests" */;
			buildPhases = (
				DAC619FE1B4B71540078F737 /* Sources */,
				DAC619FF1B4B71540078F737 /* Frameworks */,
				DAC61A001B4B71540078F737 /* Resources */,
			);
			buildRules = (
			);
			dependencies = (
				DAC61A041B4B71540078F737 /* PBXTargetDependency */,
			);
			name = SwappTests;
			productName = SwappTests;
			productReference = DAC61A021B4B71540078F737 /* SwappTests.xctest */;
			productType = "com.apple.product-type.bundle.unit-test";
		};
/* End PBXNativeTarget section */

/* Begin PBXProject section */
		DAC619E11B4B71540078F737 /* Project object */ = {
			isa = PBXProject;
			attributes = {
				LastUpgradeCheck = 0640;
				ORGANIZATIONNAME = Limao;
				TargetAttributes = {
					DAC619E81B4B71540078F737 = {
						CreatedOnToolsVersion = 6.4;
						DevelopmentTeam = QDC996CTVH;
					};
					DAC61A011B4B71540078F737 = {
						CreatedOnToolsVersion = 6.4;
						TestTargetID = DAC619E81B4B71540078F737;
					};
				};
			};
			buildConfigurationList = DAC619E41B4B71540078F737 /* Build configuration list for PBXProject "Swapp" */;
			compatibilityVersion = "Xcode 3.2";
			developmentRegion = English;
			hasScannedForEncodings = 0;
			knownRegions = (
				en,
				Base,
			);
			mainGroup = DAC619E01B4B71540078F737;
			productRefGroup = DAC619EA1B4B71540078F737 /* Products */;
			projectDirPath = "";
			projectRoot = "";
			targets = (
				DAC619E81B4B71540078F737 /* Swapp */,
				DAC61A011B4B71540078F737 /* SwappTests */,
			);
		};
/* End PBXProject section */

/* Begin PBXResourcesBuildPhase section */
		DAC619E71B4B71540078F737 /* Resources */ = {
			isa = PBXResourcesBuildPhase;
			buildActionMask = 2147483647;
			files = (
				C44E205B1B6EDE7E00C8993E /* StoreCollectionViewCell.xib in Resources */,
				16FF05CE1B58A8D200E6FE17 /* SwappCertification.zip in Resources */,
				DAC619F81B4B71540078F737 /* Main.storyboard in Resources */,
				DAC619FD1B4B71540078F737 /* LaunchScreen.xib in Resources */,
				DAC619FA1B4B71540078F737 /* Images.xcassets in Resources */,
				C4023BC81B51F40F00CC5A45 /* MainCollectionViewCell.xib in Resources */,
				C4023BC31B51F3E100CC5A45 /* BarterTableViewCell.xib in Resources */,
				C42505071B52C4D700231183 /* BarterDetailViewController.xib in Resources */,
				C44E205D1B6F007600C8993E /* bellucci.jpg in Resources */,
				16FF05D11B58A9A200E6FE17 /* CertificationREADME.txt in Resources */,
				C40E39861B6070370046AC2F /* ItemDetailViewController.xib in Resources */,
			);
			runOnlyForDeploymentPostprocessing = 0;
		};
		DAC61A001B4B71540078F737 /* Resources */ = {
			isa = PBXResourcesBuildPhase;
			buildActionMask = 2147483647;
			files = (
			);
			runOnlyForDeploymentPostprocessing = 0;
		};
/* End PBXResourcesBuildPhase section */

/* Begin PBXSourcesBuildPhase section */
		DAC619E51B4B71540078F737 /* Sources */ = {
			isa = PBXSourcesBuildPhase;
			buildActionMask = 2147483647;
			files = (
				C44E20491B6B1E3B00C8993E /* SettingsTableViewController.m in Sources */,
				C40B3BC11B5C6C6900D674CB /* SideBarTableViewCell.m in Sources */,
				C4023BC71B51F40F00CC5A45 /* MainCollectionViewCell.m in Sources */,
				C40E39851B6070370046AC2F /* ItemDetailViewController.m in Sources */,
				C4328E231B652C4E00247B17 /* LMCollectionViewController.m in Sources */,
				C40B3BBC1B5C68A900D674CB /* SideBarTableViewController.m in Sources */,
				DAC619F21B4B71540078F737 /* AppDelegate.m in Sources */,
				C4023BC21B51F3E100CC5A45 /* BarterTableViewCell.m in Sources */,
				DAC619EF1B4B71540078F737 /* main.m in Sources */,
				DAB979271B4CC9B100314A35 /* BarterTableViewController.m in Sources */,
				C4DBBC901B54C07C00E62818 /* NetworkCheck.m in Sources */,
				C44E205A1B6EDE7E00C8993E /* StoreCollectionViewCell.m in Sources */,
				C44E204F1B6E959100C8993E /* HorizontalMenu.m in Sources */,
				C42505061B52C4D700231183 /* BarterDetailViewController.m in Sources */,
				C44E20451B69C85B00C8993E /* MyStoreViewController.m in Sources */,
				C4328E201B652A7700247B17 /* LMCollectionViewLayout.m in Sources */,
				C4328E161B61EC1600247B17 /* NotificationTableViewController.m in Sources */,
				C40B3BB71B5C459800D674CB /* SWRevealViewController.m in Sources */,
			);
			runOnlyForDeploymentPostprocessing = 0;
		};
		DAC619FE1B4B71540078F737 /* Sources */ = {
			isa = PBXSourcesBuildPhase;
			buildActionMask = 2147483647;
			files = (
				DAC61A091B4B71540078F737 /* SwappTests.m in Sources */,
			);
			runOnlyForDeploymentPostprocessing = 0;
		};
/* End PBXSourcesBuildPhase section */

/* Begin PBXTargetDependency section */
		DAC61A041B4B71540078F737 /* PBXTargetDependency */ = {
			isa = PBXTargetDependency;
			target = DAC619E81B4B71540078F737 /* Swapp */;
			targetProxy = DAC61A031B4B71540078F737 /* PBXContainerItemProxy */;
		};
/* End PBXTargetDependency section */

/* Begin PBXVariantGroup section */
		DAC619F61B4B71540078F737 /* Main.storyboard */ = {
			isa = PBXVariantGroup;
			children = (
				DAC619F71B4B71540078F737 /* Base */,
			);
			name = Main.storyboard;
			sourceTree = "<group>";
		};
		DAC619FB1B4B71540078F737 /* LaunchScreen.xib */ = {
			isa = PBXVariantGroup;
			children = (
				DAC619FC1B4B71540078F737 /* Base */,
			);
			name = LaunchScreen.xib;
			sourceTree = "<group>";
		};
/* End PBXVariantGroup section */

/* Begin XCBuildConfiguration section */
		DAC61A0A1B4B71540078F737 /* Debug */ = {
			isa = XCBuildConfiguration;
			buildSettings = {
				ALWAYS_SEARCH_USER_PATHS = NO;
				CLANG_CXX_LANGUAGE_STANDARD = "gnu++0x";
				CLANG_CXX_LIBRARY = "libc++";
				CLANG_ENABLE_MODULES = YES;
				CLANG_ENABLE_OBJC_ARC = YES;
				CLANG_WARN_BOOL_CONVERSION = YES;
				CLANG_WARN_CONSTANT_CONVERSION = YES;
				CLANG_WARN_DIRECT_OBJC_ISA_USAGE = YES_ERROR;
				CLANG_WARN_EMPTY_BODY = YES;
				CLANG_WARN_ENUM_CONVERSION = YES;
				CLANG_WARN_INT_CONVERSION = YES;
				CLANG_WARN_OBJC_ROOT_CLASS = YES_ERROR;
				CLANG_WARN_UNREACHABLE_CODE = YES;
				CLANG_WARN__DUPLICATE_METHOD_MATCH = YES;
				"CODE_SIGN_IDENTITY[sdk=iphoneos*]" = "iPhone Developer";
				COPY_PHASE_STRIP = NO;
				DEBUG_INFORMATION_FORMAT = "dwarf-with-dsym";
				ENABLE_STRICT_OBJC_MSGSEND = YES;
				GCC_C_LANGUAGE_STANDARD = gnu99;
				GCC_DYNAMIC_NO_PIC = NO;
				GCC_NO_COMMON_BLOCKS = YES;
				GCC_OPTIMIZATION_LEVEL = 0;
				GCC_PREPROCESSOR_DEFINITIONS = (
					"DEBUG=1",
					"$(inherited)",
				);
				GCC_SYMBOLS_PRIVATE_EXTERN = NO;
				GCC_WARN_64_TO_32_BIT_CONVERSION = YES;
				GCC_WARN_ABOUT_RETURN_TYPE = YES_ERROR;
				GCC_WARN_UNDECLARED_SELECTOR = YES;
				GCC_WARN_UNINITIALIZED_AUTOS = YES_AGGRESSIVE;
				GCC_WARN_UNUSED_FUNCTION = YES;
				GCC_WARN_UNUSED_VARIABLE = YES;
				IPHONEOS_DEPLOYMENT_TARGET = 8.4;
				MTL_ENABLE_DEBUG_INFO = YES;
				ONLY_ACTIVE_ARCH = YES;
				SDKROOT = iphoneos;
			};
			name = Debug;
		};
		DAC61A0B1B4B71540078F737 /* Release */ = {
			isa = XCBuildConfiguration;
			buildSettings = {
				ALWAYS_SEARCH_USER_PATHS = NO;
				CLANG_CXX_LANGUAGE_STANDARD = "gnu++0x";
				CLANG_CXX_LIBRARY = "libc++";
				CLANG_ENABLE_MODULES = YES;
				CLANG_ENABLE_OBJC_ARC = YES;
				CLANG_WARN_BOOL_CONVERSION = YES;
				CLANG_WARN_CONSTANT_CONVERSION = YES;
				CLANG_WARN_DIRECT_OBJC_ISA_USAGE = YES_ERROR;
				CLANG_WARN_EMPTY_BODY = YES;
				CLANG_WARN_ENUM_CONVERSION = YES;
				CLANG_WARN_INT_CONVERSION = YES;
				CLANG_WARN_OBJC_ROOT_CLASS = YES_ERROR;
				CLANG_WARN_UNREACHABLE_CODE = YES;
				CLANG_WARN__DUPLICATE_METHOD_MATCH = YES;
				"CODE_SIGN_IDENTITY[sdk=iphoneos*]" = "iPhone Developer";
				COPY_PHASE_STRIP = NO;
				DEBUG_INFORMATION_FORMAT = "dwarf-with-dsym";
				ENABLE_NS_ASSERTIONS = NO;
				ENABLE_STRICT_OBJC_MSGSEND = YES;
				GCC_C_LANGUAGE_STANDARD = gnu99;
				GCC_NO_COMMON_BLOCKS = YES;
				GCC_WARN_64_TO_32_BIT_CONVERSION = YES;
				GCC_WARN_ABOUT_RETURN_TYPE = YES_ERROR;
				GCC_WARN_UNDECLARED_SELECTOR = YES;
				GCC_WARN_UNINITIALIZED_AUTOS = YES_AGGRESSIVE;
				GCC_WARN_UNUSED_FUNCTION = YES;
				GCC_WARN_UNUSED_VARIABLE = YES;
				IPHONEOS_DEPLOYMENT_TARGET = 8.4;
				MTL_ENABLE_DEBUG_INFO = NO;
				SDKROOT = iphoneos;
				VALIDATE_PRODUCT = YES;
			};
			name = Release;
		};
		DAC61A0D1B4B71540078F737 /* Debug */ = {
			isa = XCBuildConfiguration;
			buildSettings = {
				ASSETCATALOG_COMPILER_APPICON_NAME = AppIcon;
				CODE_SIGN_IDENTITY = "iPhone Developer";
				HEADER_SEARCH_PATHS = "";
				INFOPLIST_FILE = Swapp/Info.plist;
				IPHONEOS_DEPLOYMENT_TARGET = 7.1;
				LD_RUNPATH_SEARCH_PATHS = "$(inherited) @executable_path/Frameworks";
				PRODUCT_NAME = "$(TARGET_NAME)";
				TARGETED_DEVICE_FAMILY = 1;
			};
			name = Debug;
		};
		DAC61A0E1B4B71540078F737 /* Release */ = {
			isa = XCBuildConfiguration;
			buildSettings = {
				ASSETCATALOG_COMPILER_APPICON_NAME = AppIcon;
				HEADER_SEARCH_PATHS = "";
				INFOPLIST_FILE = Swapp/Info.plist;
				IPHONEOS_DEPLOYMENT_TARGET = 7.1;
				LD_RUNPATH_SEARCH_PATHS = "$(inherited) @executable_path/Frameworks";
				PRODUCT_NAME = "$(TARGET_NAME)";
				TARGETED_DEVICE_FAMILY = 1;
			};
			name = Release;
		};
		DAC61A101B4B71540078F737 /* Debug */ = {
			isa = XCBuildConfiguration;
			buildSettings = {
				BUNDLE_LOADER = "$(TEST_HOST)";
				FRAMEWORK_SEARCH_PATHS = (
					"$(SDKROOT)/Developer/Library/Frameworks",
					"$(inherited)",
				);
				GCC_PREPROCESSOR_DEFINITIONS = (
					"DEBUG=1",
					"$(inherited)",
				);
				INFOPLIST_FILE = SwappTests/Info.plist;
				LD_RUNPATH_SEARCH_PATHS = "$(inherited) @executable_path/Frameworks @loader_path/Frameworks";
				PRODUCT_NAME = "$(TARGET_NAME)";
				TEST_HOST = "$(BUILT_PRODUCTS_DIR)/Swapp.app/Swapp";
			};
			name = Debug;
		};
		DAC61A111B4B71540078F737 /* Release */ = {
			isa = XCBuildConfiguration;
			buildSettings = {
				BUNDLE_LOADER = "$(TEST_HOST)";
				FRAMEWORK_SEARCH_PATHS = (
					"$(SDKROOT)/Developer/Library/Frameworks",
					"$(inherited)",
				);
				INFOPLIST_FILE = SwappTests/Info.plist;
				LD_RUNPATH_SEARCH_PATHS = "$(inherited) @executable_path/Frameworks @loader_path/Frameworks";
				PRODUCT_NAME = "$(TARGET_NAME)";
				TEST_HOST = "$(BUILT_PRODUCTS_DIR)/Swapp.app/Swapp";
			};
			name = Release;
		};
/* End XCBuildConfiguration section */

/* Begin XCConfigurationList section */
		DAC619E41B4B71540078F737 /* Build configuration list for PBXProject "Swapp" */ = {
			isa = XCConfigurationList;
			buildConfigurations = (
				DAC61A0A1B4B71540078F737 /* Debug */,
				DAC61A0B1B4B71540078F737 /* Release */,
			);
			defaultConfigurationIsVisible = 0;
			defaultConfigurationName = Release;
		};
		DAC61A0C1B4B71540078F737 /* Build configuration list for PBXNativeTarget "Swapp" */ = {
			isa = XCConfigurationList;
			buildConfigurations = (
				DAC61A0D1B4B71540078F737 /* Debug */,
				DAC61A0E1B4B71540078F737 /* Release */,
			);
			defaultConfigurationIsVisible = 0;
			defaultConfigurationName = Release;
		};
		DAC61A0F1B4B71540078F737 /* Build configuration list for PBXNativeTarget "SwappTests" */ = {
			isa = XCConfigurationList;
			buildConfigurations = (
				DAC61A101B4B71540078F737 /* Debug */,
				DAC61A111B4B71540078F737 /* Release */,
			);
			defaultConfigurationIsVisible = 0;
			defaultConfigurationName = Release;
		};
/* End XCConfigurationList section */
	};
	rootObject = DAC619E11B4B71540078F737 /* Project object */;
}
