// !$*UTF8*$!
{
	archiveVersion = 1;
	classes = {
	};
	objectVersion = 46;
	objects = {

/* Begin PBXBuildFile section */
		164A788C1B76999F00B4FA23 /* UploadImageAndVideoViewController.m in Sources */ = {isa = PBXBuildFile; fileRef = 164A78091B76999E00B4FA23 /* UploadImageAndVideoViewController.m */; };
		164A788D1B76999F00B4FA23 /* UploadImageAndVideoViewController.xib in Resources */ = {isa = PBXBuildFile; fileRef = 164A780A1B76999E00B4FA23 /* UploadImageAndVideoViewController.xib */; };
		164A788E1B76999F00B4FA23 /* youkuKeyCodeNotes.txt in Resources */ = {isa = PBXBuildFile; fileRef = 164A780B1B76999E00B4FA23 /* youkuKeyCodeNotes.txt */; };
		164A788F1B76999F00B4FA23 /* AFHTTPRequestOperation.m in Sources */ = {isa = PBXBuildFile; fileRef = 164A780E1B76999E00B4FA23 /* AFHTTPRequestOperation.m */; };
		164A78901B76999F00B4FA23 /* AFHTTPRequestOperationManager.m in Sources */ = {isa = PBXBuildFile; fileRef = 164A78101B76999E00B4FA23 /* AFHTTPRequestOperationManager.m */; };
		164A78911B76999F00B4FA23 /* AFHTTPSessionManager.m in Sources */ = {isa = PBXBuildFile; fileRef = 164A78121B76999E00B4FA23 /* AFHTTPSessionManager.m */; };
		164A78921B76999F00B4FA23 /* AFNetworkReachabilityManager.m in Sources */ = {isa = PBXBuildFile; fileRef = 164A78151B76999E00B4FA23 /* AFNetworkReachabilityManager.m */; };
		164A78931B76999F00B4FA23 /* AFSecurityPolicy.m in Sources */ = {isa = PBXBuildFile; fileRef = 164A78171B76999E00B4FA23 /* AFSecurityPolicy.m */; };
		164A78941B76999F00B4FA23 /* AFURLConnectionOperation.m in Sources */ = {isa = PBXBuildFile; fileRef = 164A78191B76999E00B4FA23 /* AFURLConnectionOperation.m */; };
		164A78951B76999F00B4FA23 /* AFURLRequestSerialization.m in Sources */ = {isa = PBXBuildFile; fileRef = 164A781B1B76999E00B4FA23 /* AFURLRequestSerialization.m */; };
		164A78961B76999F00B4FA23 /* AFURLResponseSerialization.m in Sources */ = {isa = PBXBuildFile; fileRef = 164A781D1B76999E00B4FA23 /* AFURLResponseSerialization.m */; };
		164A78971B76999F00B4FA23 /* AFURLSessionManager.m in Sources */ = {isa = PBXBuildFile; fileRef = 164A781F1B76999E00B4FA23 /* AFURLSessionManager.m */; };
		164A78981B76999F00B4FA23 /* ELCAlbumPickerController.m in Sources */ = {isa = PBXBuildFile; fileRef = 164A78221B76999E00B4FA23 /* ELCAlbumPickerController.m */; };
		164A78991B76999F00B4FA23 /* ELCAsset.m in Sources */ = {isa = PBXBuildFile; fileRef = 164A78241B76999E00B4FA23 /* ELCAsset.m */; };
		164A789A1B76999F00B4FA23 /* ELCAssetCell.m in Sources */ = {isa = PBXBuildFile; fileRef = 164A78261B76999E00B4FA23 /* ELCAssetCell.m */; };
		164A789B1B76999F00B4FA23 /* ELCAssetTablePicker.m in Sources */ = {isa = PBXBuildFile; fileRef = 164A782A1B76999E00B4FA23 /* ELCAssetTablePicker.m */; };
		164A789C1B76999F00B4FA23 /* ELCConsole.m in Sources */ = {isa = PBXBuildFile; fileRef = 164A782C1B76999E00B4FA23 /* ELCConsole.m */; };
		164A789D1B76999F00B4FA23 /* ELCImagePickerController.m in Sources */ = {isa = PBXBuildFile; fileRef = 164A782E1B76999E00B4FA23 /* ELCImagePickerController.m */; };
		164A789E1B76999F00B4FA23 /* ELCOverlayImageView.m in Sources */ = {isa = PBXBuildFile; fileRef = 164A78311B76999E00B4FA23 /* ELCOverlayImageView.m */; };
		164A789F1B76999F00B4FA23 /* ELCAlbumPickerController.xib in Resources */ = {isa = PBXBuildFile; fileRef = 164A78331B76999E00B4FA23 /* ELCAlbumPickerController.xib */; };
		164A78A01B76999F00B4FA23 /* ELCAssetPicker.xib in Resources */ = {isa = PBXBuildFile; fileRef = 164A78341B76999E00B4FA23 /* ELCAssetPicker.xib */; };
		164A78A11B76999F00B4FA23 /* ELCAssetTablePicker.xib in Resources */ = {isa = PBXBuildFile; fileRef = 164A78351B76999E00B4FA23 /* ELCAssetTablePicker.xib */; };
		164A78A21B76999F00B4FA23 /* Overlay.png in Resources */ = {isa = PBXBuildFile; fileRef = 164A78361B76999E00B4FA23 /* Overlay.png */; };
		164A78A31B76999F00B4FA23 /* Overlay@2x.png in Resources */ = {isa = PBXBuildFile; fileRef = 164A78371B76999E00B4FA23 /* Overlay@2x.png */; };
		164A78A41B76999F00B4FA23 /* AFNetworkActivityIndicatorManager.m in Sources */ = {isa = PBXBuildFile; fileRef = 164A783A1B76999E00B4FA23 /* AFNetworkActivityIndicatorManager.m */; };
		164A78A51B76999F00B4FA23 /* UIActivityIndicatorView+AFNetworking.m in Sources */ = {isa = PBXBuildFile; fileRef = 164A783C1B76999E00B4FA23 /* UIActivityIndicatorView+AFNetworking.m */; };
		164A78A61B76999F00B4FA23 /* UIAlertView+AFNetworking.m in Sources */ = {isa = PBXBuildFile; fileRef = 164A783E1B76999E00B4FA23 /* UIAlertView+AFNetworking.m */; };
		164A78A71B76999F00B4FA23 /* UIButton+AFNetworking.m in Sources */ = {isa = PBXBuildFile; fileRef = 164A78401B76999E00B4FA23 /* UIButton+AFNetworking.m */; };
		164A78A81B76999F00B4FA23 /* UIImageView+AFNetworking.m in Sources */ = {isa = PBXBuildFile; fileRef = 164A78421B76999E00B4FA23 /* UIImageView+AFNetworking.m */; };
		164A78A91B76999F00B4FA23 /* UIProgressView+AFNetworking.m in Sources */ = {isa = PBXBuildFile; fileRef = 164A78451B76999E00B4FA23 /* UIProgressView+AFNetworking.m */; };
		164A78AA1B76999F00B4FA23 /* UIRefreshControl+AFNetworking.m in Sources */ = {isa = PBXBuildFile; fileRef = 164A78471B76999E00B4FA23 /* UIRefreshControl+AFNetworking.m */; };
		164A78AB1B76999F00B4FA23 /* UIWebView+AFNetworking.m in Sources */ = {isa = PBXBuildFile; fileRef = 164A78491B76999E00B4FA23 /* UIWebView+AFNetworking.m */; };
		164A78AC1B76999F00B4FA23 /* YoukuUploader.m in Sources */ = {isa = PBXBuildFile; fileRef = 164A784D1B76999E00B4FA23 /* YoukuUploader.m */; settings = {COMPILER_FLAGS = "-fno-objc-arc"; }; };
		164A78AD1B76999F00B4FA23 /* ASIAuthenticationDialog.m in Sources */ = {isa = PBXBuildFile; fileRef = 164A78531B76999E00B4FA23 /* ASIAuthenticationDialog.m */; settings = {COMPILER_FLAGS = "-fno-objc-arc"; }; };
		164A78AE1B76999F00B4FA23 /* ASIDataCompressor.m in Sources */ = {isa = PBXBuildFile; fileRef = 164A78561B76999E00B4FA23 /* ASIDataCompressor.m */; settings = {COMPILER_FLAGS = "-fno-objc-arc"; }; };
		164A78AF1B76999F00B4FA23 /* ASIDataDecompressor.m in Sources */ = {isa = PBXBuildFile; fileRef = 164A78581B76999E00B4FA23 /* ASIDataDecompressor.m */; settings = {COMPILER_FLAGS = "-fno-objc-arc"; }; };
		164A78B01B76999F00B4FA23 /* ASIDownloadCache.m in Sources */ = {isa = PBXBuildFile; fileRef = 164A785A1B76999E00B4FA23 /* ASIDownloadCache.m */; settings = {COMPILER_FLAGS = "-fno-objc-arc"; }; };
		164A78B11B76999F00B4FA23 /* ASIFormDataRequest.m in Sources */ = {isa = PBXBuildFile; fileRef = 164A785C1B76999E00B4FA23 /* ASIFormDataRequest.m */; settings = {COMPILER_FLAGS = "-fno-objc-arc"; }; };
		164A78B21B76999F00B4FA23 /* ASIHTTPRequest.m in Sources */ = {isa = PBXBuildFile; fileRef = 164A785E1B76999E00B4FA23 /* ASIHTTPRequest.m */; settings = {COMPILER_FLAGS = "-fno-objc-arc"; }; };
		164A78B31B76999F00B4FA23 /* ASIInputStream.m in Sources */ = {isa = PBXBuildFile; fileRef = 164A78621B76999E00B4FA23 /* ASIInputStream.m */; settings = {COMPILER_FLAGS = "-fno-objc-arc"; }; };
		164A78B41B76999F00B4FA23 /* ASINetworkQueue.m in Sources */ = {isa = PBXBuildFile; fileRef = 164A78641B76999E00B4FA23 /* ASINetworkQueue.m */; settings = {COMPILER_FLAGS = "-fno-objc-arc"; }; };
		164A78B51B76999F00B4FA23 /* ASIWebPageRequest.m in Sources */ = {isa = PBXBuildFile; fileRef = 164A78681B76999F00B4FA23 /* ASIWebPageRequest.m */; settings = {COMPILER_FLAGS = "-fno-objc-arc"; }; };
		164A78B61B76999F00B4FA23 /* ASICloudFilesCDNRequest.m in Sources */ = {isa = PBXBuildFile; fileRef = 164A786B1B76999F00B4FA23 /* ASICloudFilesCDNRequest.m */; settings = {COMPILER_FLAGS = "-fno-objc-arc"; }; };
		164A78B71B76999F00B4FA23 /* ASICloudFilesContainer.m in Sources */ = {isa = PBXBuildFile; fileRef = 164A786D1B76999F00B4FA23 /* ASICloudFilesContainer.m */; settings = {COMPILER_FLAGS = "-fno-objc-arc"; }; };
		164A78B81B76999F00B4FA23 /* ASICloudFilesContainerRequest.m in Sources */ = {isa = PBXBuildFile; fileRef = 164A786F1B76999F00B4FA23 /* ASICloudFilesContainerRequest.m */; settings = {COMPILER_FLAGS = "-fno-objc-arc"; }; };
		164A78B91B76999F00B4FA23 /* ASICloudFilesContainerXMLParserDelegate.m in Sources */ = {isa = PBXBuildFile; fileRef = 164A78711B76999F00B4FA23 /* ASICloudFilesContainerXMLParserDelegate.m */; settings = {COMPILER_FLAGS = "-fno-objc-arc"; }; };
		164A78BA1B76999F00B4FA23 /* ASICloudFilesObject.m in Sources */ = {isa = PBXBuildFile; fileRef = 164A78731B76999F00B4FA23 /* ASICloudFilesObject.m */; settings = {COMPILER_FLAGS = "-fno-objc-arc"; }; };
		164A78BB1B76999F00B4FA23 /* ASICloudFilesObjectRequest.m in Sources */ = {isa = PBXBuildFile; fileRef = 164A78751B76999F00B4FA23 /* ASICloudFilesObjectRequest.m */; settings = {COMPILER_FLAGS = "-fno-objc-arc"; }; };
		164A78BC1B76999F00B4FA23 /* ASICloudFilesRequest.m in Sources */ = {isa = PBXBuildFile; fileRef = 164A78771B76999F00B4FA23 /* ASICloudFilesRequest.m */; settings = {COMPILER_FLAGS = "-fno-objc-arc"; }; };
		164A78BD1B76999F00B4FA23 /* ASIS3Bucket.m in Sources */ = {isa = PBXBuildFile; fileRef = 164A787B1B76999F00B4FA23 /* ASIS3Bucket.m */; settings = {COMPILER_FLAGS = "-fno-objc-arc"; }; };
		164A78BE1B76999F00B4FA23 /* ASIS3BucketObject.m in Sources */ = {isa = PBXBuildFile; fileRef = 164A787D1B76999F00B4FA23 /* ASIS3BucketObject.m */; settings = {COMPILER_FLAGS = "-fno-objc-arc"; }; };
		164A78BF1B76999F00B4FA23 /* ASIS3BucketRequest.m in Sources */ = {isa = PBXBuildFile; fileRef = 164A787F1B76999F00B4FA23 /* ASIS3BucketRequest.m */; settings = {COMPILER_FLAGS = "-fno-objc-arc"; }; };
		164A78C01B76999F00B4FA23 /* ASIS3ObjectRequest.m in Sources */ = {isa = PBXBuildFile; fileRef = 164A78811B76999F00B4FA23 /* ASIS3ObjectRequest.m */; settings = {COMPILER_FLAGS = "-fno-objc-arc"; }; };
		164A78C11B76999F00B4FA23 /* ASIS3Request.m in Sources */ = {isa = PBXBuildFile; fileRef = 164A78831B76999F00B4FA23 /* ASIS3Request.m */; settings = {COMPILER_FLAGS = "-fno-objc-arc"; }; };
		164A78C21B76999F00B4FA23 /* ASIS3ServiceRequest.m in Sources */ = {isa = PBXBuildFile; fileRef = 164A78851B76999F00B4FA23 /* ASIS3ServiceRequest.m */; settings = {COMPILER_FLAGS = "-fno-objc-arc"; }; };
		164A78C31B76999F00B4FA23 /* JSONKit.m in Sources */ = {isa = PBXBuildFile; fileRef = 164A78881B76999F00B4FA23 /* JSONKit.m */; settings = {COMPILER_FLAGS = "-fno-objc-arc"; }; };
		164A78C41B76999F00B4FA23 /* Reachability.m in Sources */ = {isa = PBXBuildFile; fileRef = 164A788B1B76999F00B4FA23 /* Reachability.m */; settings = {COMPILER_FLAGS = "-fno-objc-arc"; }; };
		164A78C61B7699BC00B4FA23 /* libz.dylib in Frameworks */ = {isa = PBXBuildFile; fileRef = 164A78C51B7699BC00B4FA23 /* libz.dylib */; };
		164A78C81B7699C400B4FA23 /* libxml2.2.dylib in Frameworks */ = {isa = PBXBuildFile; fileRef = 164A78C71B7699C300B4FA23 /* libxml2.2.dylib */; };
		16FF05CE1B58A8D200E6FE17 /* SwappCertification.zip in Resources */ = {isa = PBXBuildFile; fileRef = 16FF05CD1B58A8D200E6FE17 /* SwappCertification.zip */; };
		16FF05D11B58A9A200E6FE17 /* CertificationREADME.txt in Resources */ = {isa = PBXBuildFile; fileRef = 16FF05D01B58A9A200E6FE17 /* CertificationREADME.txt */; };
		C4023BC21B51F3E100CC5A45 /* BarterTableViewCell.m in Sources */ = {isa = PBXBuildFile; fileRef = C4023BC01B51F3E100CC5A45 /* BarterTableViewCell.m */; };
		C4023BC31B51F3E100CC5A45 /* BarterTableViewCell.xib in Resources */ = {isa = PBXBuildFile; fileRef = C4023BC11B51F3E100CC5A45 /* BarterTableViewCell.xib */; };
		C4023BC71B51F40F00CC5A45 /* MainCollectionViewCell.m in Sources */ = {isa = PBXBuildFile; fileRef = C4023BC51B51F40F00CC5A45 /* MainCollectionViewCell.m */; };
		C4023BC81B51F40F00CC5A45 /* MainCollectionViewCell.xib in Resources */ = {isa = PBXBuildFile; fileRef = C4023BC61B51F40F00CC5A45 /* MainCollectionViewCell.xib */; };
		C40B3BB71B5C459800D674CB /* SWRevealViewController.m in Sources */ = {isa = PBXBuildFile; fileRef = C40B3BB61B5C459800D674CB /* SWRevealViewController.m */; };
		C40B3BBC1B5C68A900D674CB /* SideBarTableViewController.m in Sources */ = {isa = PBXBuildFile; fileRef = C40B3BBB1B5C68A900D674CB /* SideBarTableViewController.m */; };
		C40B3BC11B5C6C6900D674CB /* SideBarTableViewCell.m in Sources */ = {isa = PBXBuildFile; fileRef = C40B3BBF1B5C6C6900D674CB /* SideBarTableViewCell.m */; };
		C40E39851B6070370046AC2F /* ItemDetailViewController.m in Sources */ = {isa = PBXBuildFile; fileRef = C40E39831B6070370046AC2F /* ItemDetailViewController.m */; };
		C40E39861B6070370046AC2F /* ItemDetailViewController.xib in Resources */ = {isa = PBXBuildFile; fileRef = C40E39841B6070370046AC2F /* ItemDetailViewController.xib */; };
		C42505061B52C4D700231183 /* BarterDetailViewController.m in Sources */ = {isa = PBXBuildFile; fileRef = C42505041B52C4D700231183 /* BarterDetailViewController.m */; };
		C42505071B52C4D700231183 /* BarterDetailViewController.xib in Resources */ = {isa = PBXBuildFile; fileRef = C42505051B52C4D700231183 /* BarterDetailViewController.xib */; };
		C4328E161B61EC1600247B17 /* NotificationTableViewController.m in Sources */ = {isa = PBXBuildFile; fileRef = C4328E151B61EC1600247B17 /* NotificationTableViewController.m */; };
		C4328E201B652A7700247B17 /* LMCollectionViewLayout.m in Sources */ = {isa = PBXBuildFile; fileRef = C4328E1F1B652A7700247B17 /* LMCollectionViewLayout.m */; };
		C4328E231B652C4E00247B17 /* LMCollectionViewController.m in Sources */ = {isa = PBXBuildFile; fileRef = C4328E221B652C4E00247B17 /* LMCollectionViewController.m */; };
		C44E20451B69C85B00C8993E /* MyStoreViewController.m in Sources */ = {isa = PBXBuildFile; fileRef = C44E20441B69C85B00C8993E /* MyStoreViewController.m */; };
		C44E20491B6B1E3B00C8993E /* SettingsTableViewController.m in Sources */ = {isa = PBXBuildFile; fileRef = C44E20481B6B1E3B00C8993E /* SettingsTableViewController.m */; };
		C44E204F1B6E959100C8993E /* HorizontalMenu.m in Sources */ = {isa = PBXBuildFile; fileRef = C44E204E1B6E959100C8993E /* HorizontalMenu.m */; };
		C44E205A1B6EDE7E00C8993E /* StoreCollectionViewCell.m in Sources */ = {isa = PBXBuildFile; fileRef = C44E20581B6EDE7E00C8993E /* StoreCollectionViewCell.m */; };
		C44E205B1B6EDE7E00C8993E /* StoreCollectionViewCell.xib in Resources */ = {isa = PBXBuildFile; fileRef = C44E20591B6EDE7E00C8993E /* StoreCollectionViewCell.xib */; };
		C44E205D1B6F007600C8993E /* bellucci.jpg in Resources */ = {isa = PBXBuildFile; fileRef = C44E205C1B6F007600C8993E /* bellucci.jpg */; };
		C4B016191B567E0600EA4F92 /* SystemConfiguration.framework in Frameworks */ = {isa = PBXBuildFile; fileRef = C4B016181B567E0600EA4F92 /* SystemConfiguration.framework */; };
		C9C339741B7A1FE80025A762 /* SelectImageViewController.m in Sources */ = {isa = PBXBuildFile; fileRef = C9C339711B7A1FE80025A762 /* SelectImageViewController.m */; };
		C9C339751B7A1FE80025A762 /* RecordVideoViewController.m in Sources */ = {isa = PBXBuildFile; fileRef = C9C339731B7A1FE80025A762 /* RecordVideoViewController.m */; };
		C9C339781B7A1FEF0025A762 /* ShareHelperFunctions.m in Sources */ = {isa = PBXBuildFile; fileRef = C9C339771B7A1FEF0025A762 /* ShareHelperFunctions.m */; };
		C9C339871B7A20430025A762 /* libWeiboSDK.a in Frameworks */ = {isa = PBXBuildFile; fileRef = C9C3397B1B7A20430025A762 /* libWeiboSDK.a */; };
		C9C339881B7A20430025A762 /* WeiboSDK.bundle in Resources */ = {isa = PBXBuildFile; fileRef = C9C339841B7A20430025A762 /* WeiboSDK.bundle */; };
		C9C3398D1B7A205C0025A762 /* libWeChatSDK.a in Frameworks */ = {isa = PBXBuildFile; fileRef = C9C3398A1B7A205C0025A762 /* libWeChatSDK.a */; };
		C9C3398F1B7A20B60025A762 /* MobileCoreServices.framework in Frameworks */ = {isa = PBXBuildFile; fileRef = C9C3398E1B7A20B60025A762 /* MobileCoreServices.framework */; };
		C9C339911B7A20BB0025A762 /* MediaPlayer.framework in Frameworks */ = {isa = PBXBuildFile; fileRef = C9C339901B7A20BB0025A762 /* MediaPlayer.framework */; };
		C9C339931B7A20C00025A762 /* CoreGraphics.framework in Frameworks */ = {isa = PBXBuildFile; fileRef = C9C339921B7A20C00025A762 /* CoreGraphics.framework */; };
		C9C339951B7A20C60025A762 /* Foundation.framework in Frameworks */ = {isa = PBXBuildFile; fileRef = C9C339941B7A20C60025A762 /* Foundation.framework */; };
		C9C339971B7A20CB0025A762 /* UIKit.framework in Frameworks */ = {isa = PBXBuildFile; fileRef = C9C339961B7A20CB0025A762 /* UIKit.framework */; };
		C9C339991B7A20D00025A762 /* Security.framework in Frameworks */ = {isa = PBXBuildFile; fileRef = C9C339981B7A20D00025A762 /* Security.framework */; };
		C9C3399B1B7A20D60025A762 /* ImageIO.framework in Frameworks */ = {isa = PBXBuildFile; fileRef = C9C3399A1B7A20D60025A762 /* ImageIO.framework */; };
		C9C3399D1B7A20DC0025A762 /* QuartzCore.framework in Frameworks */ = {isa = PBXBuildFile; fileRef = C9C3399C1B7A20DC0025A762 /* QuartzCore.framework */; };
		C9C3399F1B7A20E20025A762 /* CoreText.framework in Frameworks */ = {isa = PBXBuildFile; fileRef = C9C3399E1B7A20E20025A762 /* CoreText.framework */; };
		C9C339A11B7A20E70025A762 /* CoreTelephony.framework in Frameworks */ = {isa = PBXBuildFile; fileRef = C9C339A01B7A20E70025A762 /* CoreTelephony.framework */; };
		C9C339A31B7A20EE0025A762 /* libsqlite3.dylib in Frameworks */ = {isa = PBXBuildFile; fileRef = C9C339A21B7A20EE0025A762 /* libsqlite3.dylib */; };
		C9C339A51B7A20F40025A762 /* CoreImage.framework in Frameworks */ = {isa = PBXBuildFile; fileRef = C9C339A41B7A20F40025A762 /* CoreImage.framework */; };
		C9C339A71B7A20FE0025A762 /* libc++.dylib in Frameworks */ = {isa = PBXBuildFile; fileRef = C9C339A61B7A20FE0025A762 /* libc++.dylib */; };
		DAB979271B4CC9B100314A35 /* BarterTableViewController.m in Sources */ = {isa = PBXBuildFile; fileRef = DAB979251B4CC9B100314A35 /* BarterTableViewController.m */; };
		DAC619EF1B4B71540078F737 /* main.m in Sources */ = {isa = PBXBuildFile; fileRef = DAC619EE1B4B71540078F737 /* main.m */; };
		DAC619F21B4B71540078F737 /* AppDelegate.m in Sources */ = {isa = PBXBuildFile; fileRef = DAC619F11B4B71540078F737 /* AppDelegate.m */; };
		DAC619F81B4B71540078F737 /* Main.storyboard in Resources */ = {isa = PBXBuildFile; fileRef = DAC619F61B4B71540078F737 /* Main.storyboard */; };
		DAC619FA1B4B71540078F737 /* Images.xcassets in Resources */ = {isa = PBXBuildFile; fileRef = DAC619F91B4B71540078F737 /* Images.xcassets */; };
		DAC619FD1B4B71540078F737 /* LaunchScreen.xib in Resources */ = {isa = PBXBuildFile; fileRef = DAC619FB1B4B71540078F737 /* LaunchScreen.xib */; };
		DAC61A091B4B71540078F737 /* SwappTests.m in Sources */ = {isa = PBXBuildFile; fileRef = DAC61A081B4B71540078F737 /* SwappTests.m */; };
/* End PBXBuildFile section */

/* Begin PBXContainerItemProxy section */
		DAC61A031B4B71540078F737 /* PBXContainerItemProxy */ = {
			isa = PBXContainerItemProxy;
			containerPortal = DAC619E11B4B71540078F737 /* Project object */;
			proxyType = 1;
			remoteGlobalIDString = DAC619E81B4B71540078F737;
			remoteInfo = Swapp;
		};
/* End PBXContainerItemProxy section */

/* Begin PBXFileReference section */
		164A78081B76999E00B4FA23 /* UploadImageAndVideoViewController.h */ = {isa = PBXFileReference; fileEncoding = 4; lastKnownFileType = sourcecode.c.h; path = UploadImageAndVideoViewController.h; sourceTree = "<group>"; };
		164A78091B76999E00B4FA23 /* UploadImageAndVideoViewController.m */ = {isa = PBXFileReference; fileEncoding = 4; lastKnownFileType = sourcecode.c.objc; path = UploadImageAndVideoViewController.m; sourceTree = "<group>"; };
		164A780A1B76999E00B4FA23 /* UploadImageAndVideoViewController.xib */ = {isa = PBXFileReference; fileEncoding = 4; lastKnownFileType = file.xib; path = UploadImageAndVideoViewController.xib; sourceTree = "<group>"; };
		164A780B1B76999E00B4FA23 /* youkuKeyCodeNotes.txt */ = {isa = PBXFileReference; fileEncoding = 4; lastKnownFileType = text; path = youkuKeyCodeNotes.txt; sourceTree = "<group>"; };
		164A780D1B76999E00B4FA23 /* AFHTTPRequestOperation.h */ = {isa = PBXFileReference; fileEncoding = 4; lastKnownFileType = sourcecode.c.h; path = AFHTTPRequestOperation.h; sourceTree = "<group>"; };
		164A780E1B76999E00B4FA23 /* AFHTTPRequestOperation.m */ = {isa = PBXFileReference; fileEncoding = 4; lastKnownFileType = sourcecode.c.objc; path = AFHTTPRequestOperation.m; sourceTree = "<group>"; };
		164A780F1B76999E00B4FA23 /* AFHTTPRequestOperationManager.h */ = {isa = PBXFileReference; fileEncoding = 4; lastKnownFileType = sourcecode.c.h; path = AFHTTPRequestOperationManager.h; sourceTree = "<group>"; };
		164A78101B76999E00B4FA23 /* AFHTTPRequestOperationManager.m */ = {isa = PBXFileReference; fileEncoding = 4; lastKnownFileType = sourcecode.c.objc; path = AFHTTPRequestOperationManager.m; sourceTree = "<group>"; };
		164A78111B76999E00B4FA23 /* AFHTTPSessionManager.h */ = {isa = PBXFileReference; fileEncoding = 4; lastKnownFileType = sourcecode.c.h; path = AFHTTPSessionManager.h; sourceTree = "<group>"; };
		164A78121B76999E00B4FA23 /* AFHTTPSessionManager.m */ = {isa = PBXFileReference; fileEncoding = 4; lastKnownFileType = sourcecode.c.objc; path = AFHTTPSessionManager.m; sourceTree = "<group>"; };
		164A78131B76999E00B4FA23 /* AFNetworking.h */ = {isa = PBXFileReference; fileEncoding = 4; lastKnownFileType = sourcecode.c.h; path = AFNetworking.h; sourceTree = "<group>"; };
		164A78141B76999E00B4FA23 /* AFNetworkReachabilityManager.h */ = {isa = PBXFileReference; fileEncoding = 4; lastKnownFileType = sourcecode.c.h; path = AFNetworkReachabilityManager.h; sourceTree = "<group>"; };
		164A78151B76999E00B4FA23 /* AFNetworkReachabilityManager.m */ = {isa = PBXFileReference; fileEncoding = 4; lastKnownFileType = sourcecode.c.objc; path = AFNetworkReachabilityManager.m; sourceTree = "<group>"; };
		164A78161B76999E00B4FA23 /* AFSecurityPolicy.h */ = {isa = PBXFileReference; fileEncoding = 4; lastKnownFileType = sourcecode.c.h; path = AFSecurityPolicy.h; sourceTree = "<group>"; };
		164A78171B76999E00B4FA23 /* AFSecurityPolicy.m */ = {isa = PBXFileReference; fileEncoding = 4; lastKnownFileType = sourcecode.c.objc; path = AFSecurityPolicy.m; sourceTree = "<group>"; };
		164A78181B76999E00B4FA23 /* AFURLConnectionOperation.h */ = {isa = PBXFileReference; fileEncoding = 4; lastKnownFileType = sourcecode.c.h; path = AFURLConnectionOperation.h; sourceTree = "<group>"; };
		164A78191B76999E00B4FA23 /* AFURLConnectionOperation.m */ = {isa = PBXFileReference; fileEncoding = 4; lastKnownFileType = sourcecode.c.objc; path = AFURLConnectionOperation.m; sourceTree = "<group>"; };
		164A781A1B76999E00B4FA23 /* AFURLRequestSerialization.h */ = {isa = PBXFileReference; fileEncoding = 4; lastKnownFileType = sourcecode.c.h; path = AFURLRequestSerialization.h; sourceTree = "<group>"; };
		164A781B1B76999E00B4FA23 /* AFURLRequestSerialization.m */ = {isa = PBXFileReference; fileEncoding = 4; lastKnownFileType = sourcecode.c.objc; path = AFURLRequestSerialization.m; sourceTree = "<group>"; };
		164A781C1B76999E00B4FA23 /* AFURLResponseSerialization.h */ = {isa = PBXFileReference; fileEncoding = 4; lastKnownFileType = sourcecode.c.h; path = AFURLResponseSerialization.h; sourceTree = "<group>"; };
		164A781D1B76999E00B4FA23 /* AFURLResponseSerialization.m */ = {isa = PBXFileReference; fileEncoding = 4; lastKnownFileType = sourcecode.c.objc; path = AFURLResponseSerialization.m; sourceTree = "<group>"; };
		164A781E1B76999E00B4FA23 /* AFURLSessionManager.h */ = {isa = PBXFileReference; fileEncoding = 4; lastKnownFileType = sourcecode.c.h; path = AFURLSessionManager.h; sourceTree = "<group>"; };
		164A781F1B76999E00B4FA23 /* AFURLSessionManager.m */ = {isa = PBXFileReference; fileEncoding = 4; lastKnownFileType = sourcecode.c.objc; path = AFURLSessionManager.m; sourceTree = "<group>"; };
		164A78211B76999E00B4FA23 /* ELCAlbumPickerController.h */ = {isa = PBXFileReference; fileEncoding = 4; lastKnownFileType = sourcecode.c.h; path = ELCAlbumPickerController.h; sourceTree = "<group>"; };
		164A78221B76999E00B4FA23 /* ELCAlbumPickerController.m */ = {isa = PBXFileReference; fileEncoding = 4; lastKnownFileType = sourcecode.c.objc; path = ELCAlbumPickerController.m; sourceTree = "<group>"; };
		164A78231B76999E00B4FA23 /* ELCAsset.h */ = {isa = PBXFileReference; fileEncoding = 4; lastKnownFileType = sourcecode.c.h; path = ELCAsset.h; sourceTree = "<group>"; };
		164A78241B76999E00B4FA23 /* ELCAsset.m */ = {isa = PBXFileReference; fileEncoding = 4; lastKnownFileType = sourcecode.c.objc; path = ELCAsset.m; sourceTree = "<group>"; };
		164A78251B76999E00B4FA23 /* ELCAssetCell.h */ = {isa = PBXFileReference; fileEncoding = 4; lastKnownFileType = sourcecode.c.h; path = ELCAssetCell.h; sourceTree = "<group>"; };
		164A78261B76999E00B4FA23 /* ELCAssetCell.m */ = {isa = PBXFileReference; fileEncoding = 4; lastKnownFileType = sourcecode.c.objc; path = ELCAssetCell.m; sourceTree = "<group>"; };
		164A78271B76999E00B4FA23 /* ELCAssetPickerFilterDelegate.h */ = {isa = PBXFileReference; fileEncoding = 4; lastKnownFileType = sourcecode.c.h; path = ELCAssetPickerFilterDelegate.h; sourceTree = "<group>"; };
		164A78281B76999E00B4FA23 /* ELCAssetSelectionDelegate.h */ = {isa = PBXFileReference; fileEncoding = 4; lastKnownFileType = sourcecode.c.h; path = ELCAssetSelectionDelegate.h; sourceTree = "<group>"; };
		164A78291B76999E00B4FA23 /* ELCAssetTablePicker.h */ = {isa = PBXFileReference; fileEncoding = 4; lastKnownFileType = sourcecode.c.h; path = ELCAssetTablePicker.h; sourceTree = "<group>"; };
		164A782A1B76999E00B4FA23 /* ELCAssetTablePicker.m */ = {isa = PBXFileReference; fileEncoding = 4; lastKnownFileType = sourcecode.c.objc; path = ELCAssetTablePicker.m; sourceTree = "<group>"; };
		164A782B1B76999E00B4FA23 /* ELCConsole.h */ = {isa = PBXFileReference; fileEncoding = 4; lastKnownFileType = sourcecode.c.h; path = ELCConsole.h; sourceTree = "<group>"; };
		164A782C1B76999E00B4FA23 /* ELCConsole.m */ = {isa = PBXFileReference; fileEncoding = 4; lastKnownFileType = sourcecode.c.objc; path = ELCConsole.m; sourceTree = "<group>"; };
		164A782D1B76999E00B4FA23 /* ELCImagePickerController.h */ = {isa = PBXFileReference; fileEncoding = 4; lastKnownFileType = sourcecode.c.h; path = ELCImagePickerController.h; sourceTree = "<group>"; };
		164A782E1B76999E00B4FA23 /* ELCImagePickerController.m */ = {isa = PBXFileReference; fileEncoding = 4; lastKnownFileType = sourcecode.c.objc; path = ELCImagePickerController.m; sourceTree = "<group>"; };
		164A782F1B76999E00B4FA23 /* ELCImagePickerHeader.h */ = {isa = PBXFileReference; fileEncoding = 4; lastKnownFileType = sourcecode.c.h; path = ELCImagePickerHeader.h; sourceTree = "<group>"; };
		164A78301B76999E00B4FA23 /* ELCOverlayImageView.h */ = {isa = PBXFileReference; fileEncoding = 4; lastKnownFileType = sourcecode.c.h; path = ELCOverlayImageView.h; sourceTree = "<group>"; };
		164A78311B76999E00B4FA23 /* ELCOverlayImageView.m */ = {isa = PBXFileReference; fileEncoding = 4; lastKnownFileType = sourcecode.c.objc; path = ELCOverlayImageView.m; sourceTree = "<group>"; };
		164A78331B76999E00B4FA23 /* ELCAlbumPickerController.xib */ = {isa = PBXFileReference; fileEncoding = 4; lastKnownFileType = file.xib; path = ELCAlbumPickerController.xib; sourceTree = "<group>"; };
		164A78341B76999E00B4FA23 /* ELCAssetPicker.xib */ = {isa = PBXFileReference; fileEncoding = 4; lastKnownFileType = file.xib; path = ELCAssetPicker.xib; sourceTree = "<group>"; };
		164A78351B76999E00B4FA23 /* ELCAssetTablePicker.xib */ = {isa = PBXFileReference; fileEncoding = 4; lastKnownFileType = file.xib; path = ELCAssetTablePicker.xib; sourceTree = "<group>"; };
		164A78361B76999E00B4FA23 /* Overlay.png */ = {isa = PBXFileReference; lastKnownFileType = image.png; path = Overlay.png; sourceTree = "<group>"; };
		164A78371B76999E00B4FA23 /* Overlay@2x.png */ = {isa = PBXFileReference; lastKnownFileType = image.png; path = "Overlay@2x.png"; sourceTree = "<group>"; };
		164A78391B76999E00B4FA23 /* AFNetworkActivityIndicatorManager.h */ = {isa = PBXFileReference; fileEncoding = 4; lastKnownFileType = sourcecode.c.h; path = AFNetworkActivityIndicatorManager.h; sourceTree = "<group>"; };
		164A783A1B76999E00B4FA23 /* AFNetworkActivityIndicatorManager.m */ = {isa = PBXFileReference; fileEncoding = 4; lastKnownFileType = sourcecode.c.objc; path = AFNetworkActivityIndicatorManager.m; sourceTree = "<group>"; };
		164A783B1B76999E00B4FA23 /* UIActivityIndicatorView+AFNetworking.h */ = {isa = PBXFileReference; fileEncoding = 4; lastKnownFileType = sourcecode.c.h; path = "UIActivityIndicatorView+AFNetworking.h"; sourceTree = "<group>"; };
		164A783C1B76999E00B4FA23 /* UIActivityIndicatorView+AFNetworking.m */ = {isa = PBXFileReference; fileEncoding = 4; lastKnownFileType = sourcecode.c.objc; path = "UIActivityIndicatorView+AFNetworking.m"; sourceTree = "<group>"; };
		164A783D1B76999E00B4FA23 /* UIAlertView+AFNetworking.h */ = {isa = PBXFileReference; fileEncoding = 4; lastKnownFileType = sourcecode.c.h; path = "UIAlertView+AFNetworking.h"; sourceTree = "<group>"; };
		164A783E1B76999E00B4FA23 /* UIAlertView+AFNetworking.m */ = {isa = PBXFileReference; fileEncoding = 4; lastKnownFileType = sourcecode.c.objc; path = "UIAlertView+AFNetworking.m"; sourceTree = "<group>"; };
		164A783F1B76999E00B4FA23 /* UIButton+AFNetworking.h */ = {isa = PBXFileReference; fileEncoding = 4; lastKnownFileType = sourcecode.c.h; path = "UIButton+AFNetworking.h"; sourceTree = "<group>"; };
		164A78401B76999E00B4FA23 /* UIButton+AFNetworking.m */ = {isa = PBXFileReference; fileEncoding = 4; lastKnownFileType = sourcecode.c.objc; path = "UIButton+AFNetworking.m"; sourceTree = "<group>"; };
		164A78411B76999E00B4FA23 /* UIImageView+AFNetworking.h */ = {isa = PBXFileReference; fileEncoding = 4; lastKnownFileType = sourcecode.c.h; path = "UIImageView+AFNetworking.h"; sourceTree = "<group>"; };
		164A78421B76999E00B4FA23 /* UIImageView+AFNetworking.m */ = {isa = PBXFileReference; fileEncoding = 4; lastKnownFileType = sourcecode.c.objc; path = "UIImageView+AFNetworking.m"; sourceTree = "<group>"; };
		164A78431B76999E00B4FA23 /* UIKit+AFNetworking.h */ = {isa = PBXFileReference; fileEncoding = 4; lastKnownFileType = sourcecode.c.h; path = "UIKit+AFNetworking.h"; sourceTree = "<group>"; };
		164A78441B76999E00B4FA23 /* UIProgressView+AFNetworking.h */ = {isa = PBXFileReference; fileEncoding = 4; lastKnownFileType = sourcecode.c.h; path = "UIProgressView+AFNetworking.h"; sourceTree = "<group>"; };
		164A78451B76999E00B4FA23 /* UIProgressView+AFNetworking.m */ = {isa = PBXFileReference; fileEncoding = 4; lastKnownFileType = sourcecode.c.objc; path = "UIProgressView+AFNetworking.m"; sourceTree = "<group>"; };
		164A78461B76999E00B4FA23 /* UIRefreshControl+AFNetworking.h */ = {isa = PBXFileReference; fileEncoding = 4; lastKnownFileType = sourcecode.c.h; path = "UIRefreshControl+AFNetworking.h"; sourceTree = "<group>"; };
		164A78471B76999E00B4FA23 /* UIRefreshControl+AFNetworking.m */ = {isa = PBXFileReference; fileEncoding = 4; lastKnownFileType = sourcecode.c.objc; path = "UIRefreshControl+AFNetworking.m"; sourceTree = "<group>"; };
		164A78481B76999E00B4FA23 /* UIWebView+AFNetworking.h */ = {isa = PBXFileReference; fileEncoding = 4; lastKnownFileType = sourcecode.c.h; path = "UIWebView+AFNetworking.h"; sourceTree = "<group>"; };
		164A78491B76999E00B4FA23 /* UIWebView+AFNetworking.m */ = {isa = PBXFileReference; fileEncoding = 4; lastKnownFileType = sourcecode.c.objc; path = "UIWebView+AFNetworking.m"; sourceTree = "<group>"; };
		164A784C1B76999E00B4FA23 /* YoukuUploader.h */ = {isa = PBXFileReference; fileEncoding = 4; lastKnownFileType = sourcecode.c.h; path = YoukuUploader.h; sourceTree = "<group>"; };
		164A784D1B76999E00B4FA23 /* YoukuUploader.m */ = {isa = PBXFileReference; fileEncoding = 4; lastKnownFileType = sourcecode.c.objc; path = YoukuUploader.m; sourceTree = "<group>"; };
		164A784E1B76999E00B4FA23 /* YoukuUploaderConfig.h */ = {isa = PBXFileReference; fileEncoding = 4; lastKnownFileType = sourcecode.c.h; path = YoukuUploaderConfig.h; sourceTree = "<group>"; };
		164A784F1B76999E00B4FA23 /* YoukuUploaderDelegate.h */ = {isa = PBXFileReference; fileEncoding = 4; lastKnownFileType = sourcecode.c.h; path = YoukuUploaderDelegate.h; sourceTree = "<group>"; };
		164A78521B76999E00B4FA23 /* ASIAuthenticationDialog.h */ = {isa = PBXFileReference; fileEncoding = 4; lastKnownFileType = sourcecode.c.h; path = ASIAuthenticationDialog.h; sourceTree = "<group>"; };
		164A78531B76999E00B4FA23 /* ASIAuthenticationDialog.m */ = {isa = PBXFileReference; fileEncoding = 4; lastKnownFileType = sourcecode.c.objc; path = ASIAuthenticationDialog.m; sourceTree = "<group>"; };
		164A78541B76999E00B4FA23 /* ASICacheDelegate.h */ = {isa = PBXFileReference; fileEncoding = 4; lastKnownFileType = sourcecode.c.h; path = ASICacheDelegate.h; sourceTree = "<group>"; };
		164A78551B76999E00B4FA23 /* ASIDataCompressor.h */ = {isa = PBXFileReference; fileEncoding = 4; lastKnownFileType = sourcecode.c.h; path = ASIDataCompressor.h; sourceTree = "<group>"; };
		164A78561B76999E00B4FA23 /* ASIDataCompressor.m */ = {isa = PBXFileReference; fileEncoding = 4; lastKnownFileType = sourcecode.c.objc; path = ASIDataCompressor.m; sourceTree = "<group>"; };
		164A78571B76999E00B4FA23 /* ASIDataDecompressor.h */ = {isa = PBXFileReference; fileEncoding = 4; lastKnownFileType = sourcecode.c.h; path = ASIDataDecompressor.h; sourceTree = "<group>"; };
		164A78581B76999E00B4FA23 /* ASIDataDecompressor.m */ = {isa = PBXFileReference; fileEncoding = 4; lastKnownFileType = sourcecode.c.objc; path = ASIDataDecompressor.m; sourceTree = "<group>"; };
		164A78591B76999E00B4FA23 /* ASIDownloadCache.h */ = {isa = PBXFileReference; fileEncoding = 4; lastKnownFileType = sourcecode.c.h; path = ASIDownloadCache.h; sourceTree = "<group>"; };
		164A785A1B76999E00B4FA23 /* ASIDownloadCache.m */ = {isa = PBXFileReference; fileEncoding = 4; lastKnownFileType = sourcecode.c.objc; path = ASIDownloadCache.m; sourceTree = "<group>"; };
		164A785B1B76999E00B4FA23 /* ASIFormDataRequest.h */ = {isa = PBXFileReference; fileEncoding = 4; lastKnownFileType = sourcecode.c.h; path = ASIFormDataRequest.h; sourceTree = "<group>"; };
		164A785C1B76999E00B4FA23 /* ASIFormDataRequest.m */ = {isa = PBXFileReference; fileEncoding = 4; lastKnownFileType = sourcecode.c.objc; path = ASIFormDataRequest.m; sourceTree = "<group>"; };
		164A785D1B76999E00B4FA23 /* ASIHTTPRequest.h */ = {isa = PBXFileReference; fileEncoding = 4; lastKnownFileType = sourcecode.c.h; path = ASIHTTPRequest.h; sourceTree = "<group>"; };
		164A785E1B76999E00B4FA23 /* ASIHTTPRequest.m */ = {isa = PBXFileReference; fileEncoding = 4; lastKnownFileType = sourcecode.c.objc; path = ASIHTTPRequest.m; sourceTree = "<group>"; };
		164A785F1B76999E00B4FA23 /* ASIHTTPRequestConfig.h */ = {isa = PBXFileReference; fileEncoding = 4; lastKnownFileType = sourcecode.c.h; path = ASIHTTPRequestConfig.h; sourceTree = "<group>"; };
		164A78601B76999E00B4FA23 /* ASIHTTPRequestDelegate.h */ = {isa = PBXFileReference; fileEncoding = 4; lastKnownFileType = sourcecode.c.h; path = ASIHTTPRequestDelegate.h; sourceTree = "<group>"; };
		164A78611B76999E00B4FA23 /* ASIInputStream.h */ = {isa = PBXFileReference; fileEncoding = 4; lastKnownFileType = sourcecode.c.h; path = ASIInputStream.h; sourceTree = "<group>"; };
		164A78621B76999E00B4FA23 /* ASIInputStream.m */ = {isa = PBXFileReference; fileEncoding = 4; lastKnownFileType = sourcecode.c.objc; path = ASIInputStream.m; sourceTree = "<group>"; };
		164A78631B76999E00B4FA23 /* ASINetworkQueue.h */ = {isa = PBXFileReference; fileEncoding = 4; lastKnownFileType = sourcecode.c.h; path = ASINetworkQueue.h; sourceTree = "<group>"; };
		164A78641B76999E00B4FA23 /* ASINetworkQueue.m */ = {isa = PBXFileReference; fileEncoding = 4; lastKnownFileType = sourcecode.c.objc; path = ASINetworkQueue.m; sourceTree = "<group>"; };
		164A78651B76999E00B4FA23 /* ASIProgressDelegate.h */ = {isa = PBXFileReference; fileEncoding = 4; lastKnownFileType = sourcecode.c.h; path = ASIProgressDelegate.h; sourceTree = "<group>"; };
		164A78671B76999E00B4FA23 /* ASIWebPageRequest.h */ = {isa = PBXFileReference; fileEncoding = 4; lastKnownFileType = sourcecode.c.h; path = ASIWebPageRequest.h; sourceTree = "<group>"; };
		164A78681B76999F00B4FA23 /* ASIWebPageRequest.m */ = {isa = PBXFileReference; fileEncoding = 4; lastKnownFileType = sourcecode.c.objc; path = ASIWebPageRequest.m; sourceTree = "<group>"; };
		164A786A1B76999F00B4FA23 /* ASICloudFilesCDNRequest.h */ = {isa = PBXFileReference; fileEncoding = 4; lastKnownFileType = sourcecode.c.h; path = ASICloudFilesCDNRequest.h; sourceTree = "<group>"; };
		164A786B1B76999F00B4FA23 /* ASICloudFilesCDNRequest.m */ = {isa = PBXFileReference; fileEncoding = 4; lastKnownFileType = sourcecode.c.objc; path = ASICloudFilesCDNRequest.m; sourceTree = "<group>"; };
		164A786C1B76999F00B4FA23 /* ASICloudFilesContainer.h */ = {isa = PBXFileReference; fileEncoding = 4; lastKnownFileType = sourcecode.c.h; path = ASICloudFilesContainer.h; sourceTree = "<group>"; };
		164A786D1B76999F00B4FA23 /* ASICloudFilesContainer.m */ = {isa = PBXFileReference; fileEncoding = 4; lastKnownFileType = sourcecode.c.objc; path = ASICloudFilesContainer.m; sourceTree = "<group>"; };
		164A786E1B76999F00B4FA23 /* ASICloudFilesContainerRequest.h */ = {isa = PBXFileReference; fileEncoding = 4; lastKnownFileType = sourcecode.c.h; path = ASICloudFilesContainerRequest.h; sourceTree = "<group>"; };
		164A786F1B76999F00B4FA23 /* ASICloudFilesContainerRequest.m */ = {isa = PBXFileReference; fileEncoding = 4; lastKnownFileType = sourcecode.c.objc; path = ASICloudFilesContainerRequest.m; sourceTree = "<group>"; };
		164A78701B76999F00B4FA23 /* ASICloudFilesContainerXMLParserDelegate.h */ = {isa = PBXFileReference; fileEncoding = 4; lastKnownFileType = sourcecode.c.h; path = ASICloudFilesContainerXMLParserDelegate.h; sourceTree = "<group>"; };
		164A78711B76999F00B4FA23 /* ASICloudFilesContainerXMLParserDelegate.m */ = {isa = PBXFileReference; fileEncoding = 4; lastKnownFileType = sourcecode.c.objc; path = ASICloudFilesContainerXMLParserDelegate.m; sourceTree = "<group>"; };
		164A78721B76999F00B4FA23 /* ASICloudFilesObject.h */ = {isa = PBXFileReference; fileEncoding = 4; lastKnownFileType = sourcecode.c.h; path = ASICloudFilesObject.h; sourceTree = "<group>"; };
		164A78731B76999F00B4FA23 /* ASICloudFilesObject.m */ = {isa = PBXFileReference; fileEncoding = 4; lastKnownFileType = sourcecode.c.objc; path = ASICloudFilesObject.m; sourceTree = "<group>"; };
		164A78741B76999F00B4FA23 /* ASICloudFilesObjectRequest.h */ = {isa = PBXFileReference; fileEncoding = 4; lastKnownFileType = sourcecode.c.h; path = ASICloudFilesObjectRequest.h; sourceTree = "<group>"; };
		164A78751B76999F00B4FA23 /* ASICloudFilesObjectRequest.m */ = {isa = PBXFileReference; fileEncoding = 4; lastKnownFileType = sourcecode.c.objc; path = ASICloudFilesObjectRequest.m; sourceTree = "<group>"; };
		164A78761B76999F00B4FA23 /* ASICloudFilesRequest.h */ = {isa = PBXFileReference; fileEncoding = 4; lastKnownFileType = sourcecode.c.h; path = ASICloudFilesRequest.h; sourceTree = "<group>"; };
		164A78771B76999F00B4FA23 /* ASICloudFilesRequest.m */ = {isa = PBXFileReference; fileEncoding = 4; lastKnownFileType = sourcecode.c.objc; path = ASICloudFilesRequest.m; sourceTree = "<group>"; };
		164A78791B76999F00B4FA23 /* ASINSXMLParserCompat.h */ = {isa = PBXFileReference; fileEncoding = 4; lastKnownFileType = sourcecode.c.h; path = ASINSXMLParserCompat.h; sourceTree = "<group>"; };
		164A787A1B76999F00B4FA23 /* ASIS3Bucket.h */ = {isa = PBXFileReference; fileEncoding = 4; lastKnownFileType = sourcecode.c.h; path = ASIS3Bucket.h; sourceTree = "<group>"; };
		164A787B1B76999F00B4FA23 /* ASIS3Bucket.m */ = {isa = PBXFileReference; fileEncoding = 4; lastKnownFileType = sourcecode.c.objc; path = ASIS3Bucket.m; sourceTree = "<group>"; };
		164A787C1B76999F00B4FA23 /* ASIS3BucketObject.h */ = {isa = PBXFileReference; fileEncoding = 4; lastKnownFileType = sourcecode.c.h; path = ASIS3BucketObject.h; sourceTree = "<group>"; };
		164A787D1B76999F00B4FA23 /* ASIS3BucketObject.m */ = {isa = PBXFileReference; fileEncoding = 4; lastKnownFileType = sourcecode.c.objc; path = ASIS3BucketObject.m; sourceTree = "<group>"; };
		164A787E1B76999F00B4FA23 /* ASIS3BucketRequest.h */ = {isa = PBXFileReference; fileEncoding = 4; lastKnownFileType = sourcecode.c.h; path = ASIS3BucketRequest.h; sourceTree = "<group>"; };
		164A787F1B76999F00B4FA23 /* ASIS3BucketRequest.m */ = {isa = PBXFileReference; fileEncoding = 4; lastKnownFileType = sourcecode.c.objc; path = ASIS3BucketRequest.m; sourceTree = "<group>"; };
		164A78801B76999F00B4FA23 /* ASIS3ObjectRequest.h */ = {isa = PBXFileReference; fileEncoding = 4; lastKnownFileType = sourcecode.c.h; path = ASIS3ObjectRequest.h; sourceTree = "<group>"; };
		164A78811B76999F00B4FA23 /* ASIS3ObjectRequest.m */ = {isa = PBXFileReference; fileEncoding = 4; lastKnownFileType = sourcecode.c.objc; path = ASIS3ObjectRequest.m; sourceTree = "<group>"; };
		164A78821B76999F00B4FA23 /* ASIS3Request.h */ = {isa = PBXFileReference; fileEncoding = 4; lastKnownFileType = sourcecode.c.h; path = ASIS3Request.h; sourceTree = "<group>"; };
		164A78831B76999F00B4FA23 /* ASIS3Request.m */ = {isa = PBXFileReference; fileEncoding = 4; lastKnownFileType = sourcecode.c.objc; path = ASIS3Request.m; sourceTree = "<group>"; };
		164A78841B76999F00B4FA23 /* ASIS3ServiceRequest.h */ = {isa = PBXFileReference; fileEncoding = 4; lastKnownFileType = sourcecode.c.h; path = ASIS3ServiceRequest.h; sourceTree = "<group>"; };
		164A78851B76999F00B4FA23 /* ASIS3ServiceRequest.m */ = {isa = PBXFileReference; fileEncoding = 4; lastKnownFileType = sourcecode.c.objc; path = ASIS3ServiceRequest.m; sourceTree = "<group>"; };
		164A78871B76999F00B4FA23 /* JSONKit.h */ = {isa = PBXFileReference; fileEncoding = 4; lastKnownFileType = sourcecode.c.h; path = JSONKit.h; sourceTree = "<group>"; };
		164A78881B76999F00B4FA23 /* JSONKit.m */ = {isa = PBXFileReference; fileEncoding = 4; lastKnownFileType = sourcecode.c.objc; path = JSONKit.m; sourceTree = "<group>"; };
		164A788A1B76999F00B4FA23 /* Reachability.h */ = {isa = PBXFileReference; fileEncoding = 4; lastKnownFileType = sourcecode.c.h; path = Reachability.h; sourceTree = "<group>"; };
		164A788B1B76999F00B4FA23 /* Reachability.m */ = {isa = PBXFileReference; fileEncoding = 4; lastKnownFileType = sourcecode.c.objc; path = Reachability.m; sourceTree = "<group>"; };
		164A78C51B7699BC00B4FA23 /* libz.dylib */ = {isa = PBXFileReference; lastKnownFileType = "compiled.mach-o.dylib"; name = libz.dylib; path = usr/lib/libz.dylib; sourceTree = SDKROOT; };
		164A78C71B7699C300B4FA23 /* libxml2.2.dylib */ = {isa = PBXFileReference; lastKnownFileType = "compiled.mach-o.dylib"; name = libxml2.2.dylib; path = usr/lib/libxml2.2.dylib; sourceTree = SDKROOT; };
		16FF05CD1B58A8D200E6FE17 /* SwappCertification.zip */ = {isa = PBXFileReference; lastKnownFileType = archive.zip; path = SwappCertification.zip; sourceTree = "<group>"; };
		16FF05D01B58A9A200E6FE17 /* CertificationREADME.txt */ = {isa = PBXFileReference; fileEncoding = 4; lastKnownFileType = text; path = CertificationREADME.txt; sourceTree = "<group>"; };
		C4023BBF1B51F3E100CC5A45 /* BarterTableViewCell.h */ = {isa = PBXFileReference; fileEncoding = 4; lastKnownFileType = sourcecode.c.h; path = BarterTableViewCell.h; sourceTree = "<group>"; };
		C4023BC01B51F3E100CC5A45 /* BarterTableViewCell.m */ = {isa = PBXFileReference; fileEncoding = 4; lastKnownFileType = sourcecode.c.objc; path = BarterTableViewCell.m; sourceTree = "<group>"; };
		C4023BC11B51F3E100CC5A45 /* BarterTableViewCell.xib */ = {isa = PBXFileReference; fileEncoding = 4; lastKnownFileType = file.xib; path = BarterTableViewCell.xib; sourceTree = "<group>"; };
		C4023BC41B51F40F00CC5A45 /* MainCollectionViewCell.h */ = {isa = PBXFileReference; fileEncoding = 4; lastKnownFileType = sourcecode.c.h; path = MainCollectionViewCell.h; sourceTree = "<group>"; };
		C4023BC51B51F40F00CC5A45 /* MainCollectionViewCell.m */ = {isa = PBXFileReference; fileEncoding = 4; lastKnownFileType = sourcecode.c.objc; path = MainCollectionViewCell.m; sourceTree = "<group>"; };
		C4023BC61B51F40F00CC5A45 /* MainCollectionViewCell.xib */ = {isa = PBXFileReference; fileEncoding = 4; lastKnownFileType = file.xib; path = MainCollectionViewCell.xib; sourceTree = "<group>"; };
		C4023BC91B51F8D000CC5A45 /* CommonImports.h */ = {isa = PBXFileReference; lastKnownFileType = sourcecode.c.h; path = CommonImports.h; sourceTree = "<group>"; };
		C40B3BB51B5C459800D674CB /* SWRevealViewController.h */ = {isa = PBXFileReference; fileEncoding = 4; lastKnownFileType = sourcecode.c.h; path = SWRevealViewController.h; sourceTree = "<group>"; };
		C40B3BB61B5C459800D674CB /* SWRevealViewController.m */ = {isa = PBXFileReference; fileEncoding = 4; lastKnownFileType = sourcecode.c.objc; path = SWRevealViewController.m; sourceTree = "<group>"; };
		C40B3BBA1B5C68A900D674CB /* SideBarTableViewController.h */ = {isa = PBXFileReference; fileEncoding = 4; lastKnownFileType = sourcecode.c.h; path = SideBarTableViewController.h; sourceTree = "<group>"; };
		C40B3BBB1B5C68A900D674CB /* SideBarTableViewController.m */ = {isa = PBXFileReference; fileEncoding = 4; lastKnownFileType = sourcecode.c.objc; path = SideBarTableViewController.m; sourceTree = "<group>"; };
		C40B3BBE1B5C6C6900D674CB /* SideBarTableViewCell.h */ = {isa = PBXFileReference; fileEncoding = 4; lastKnownFileType = sourcecode.c.h; path = SideBarTableViewCell.h; sourceTree = "<group>"; };
		C40B3BBF1B5C6C6900D674CB /* SideBarTableViewCell.m */ = {isa = PBXFileReference; fileEncoding = 4; lastKnownFileType = sourcecode.c.objc; path = SideBarTableViewCell.m; sourceTree = "<group>"; };
		C40E39821B6070370046AC2F /* ItemDetailViewController.h */ = {isa = PBXFileReference; fileEncoding = 4; lastKnownFileType = sourcecode.c.h; path = ItemDetailViewController.h; sourceTree = "<group>"; };
		C40E39831B6070370046AC2F /* ItemDetailViewController.m */ = {isa = PBXFileReference; fileEncoding = 4; lastKnownFileType = sourcecode.c.objc; path = ItemDetailViewController.m; sourceTree = "<group>"; };
		C40E39841B6070370046AC2F /* ItemDetailViewController.xib */ = {isa = PBXFileReference; fileEncoding = 4; lastKnownFileType = file.xib; path = ItemDetailViewController.xib; sourceTree = "<group>"; };
		C42505031B52C4D700231183 /* BarterDetailViewController.h */ = {isa = PBXFileReference; fileEncoding = 4; lastKnownFileType = sourcecode.c.h; path = BarterDetailViewController.h; sourceTree = "<group>"; };
		C42505041B52C4D700231183 /* BarterDetailViewController.m */ = {isa = PBXFileReference; fileEncoding = 4; lastKnownFileType = sourcecode.c.objc; path = BarterDetailViewController.m; sourceTree = "<group>"; };
		C42505051B52C4D700231183 /* BarterDetailViewController.xib */ = {isa = PBXFileReference; fileEncoding = 4; lastKnownFileType = file.xib; path = BarterDetailViewController.xib; sourceTree = "<group>"; };
		C4328E141B61EC1600247B17 /* NotificationTableViewController.h */ = {isa = PBXFileReference; fileEncoding = 4; lastKnownFileType = sourcecode.c.h; path = NotificationTableViewController.h; sourceTree = "<group>"; };
		C4328E151B61EC1600247B17 /* NotificationTableViewController.m */ = {isa = PBXFileReference; fileEncoding = 4; lastKnownFileType = sourcecode.c.objc; path = NotificationTableViewController.m; sourceTree = "<group>"; };
		C4328E1E1B652A7700247B17 /* LMCollectionViewLayout.h */ = {isa = PBXFileReference; fileEncoding = 4; lastKnownFileType = sourcecode.c.h; path = LMCollectionViewLayout.h; sourceTree = "<group>"; };
		C4328E1F1B652A7700247B17 /* LMCollectionViewLayout.m */ = {isa = PBXFileReference; fileEncoding = 4; lastKnownFileType = sourcecode.c.objc; path = LMCollectionViewLayout.m; sourceTree = "<group>"; };
		C4328E211B652C4E00247B17 /* LMCollectionViewController.h */ = {isa = PBXFileReference; fileEncoding = 4; lastKnownFileType = sourcecode.c.h; path = LMCollectionViewController.h; sourceTree = "<group>"; };
		C4328E221B652C4E00247B17 /* LMCollectionViewController.m */ = {isa = PBXFileReference; fileEncoding = 4; lastKnownFileType = sourcecode.c.objc; path = LMCollectionViewController.m; sourceTree = "<group>"; };
		C44E20431B69C85B00C8993E /* MyStoreViewController.h */ = {isa = PBXFileReference; fileEncoding = 4; lastKnownFileType = sourcecode.c.h; path = MyStoreViewController.h; sourceTree = "<group>"; };
		C44E20441B69C85B00C8993E /* MyStoreViewController.m */ = {isa = PBXFileReference; fileEncoding = 4; lastKnownFileType = sourcecode.c.objc; path = MyStoreViewController.m; sourceTree = "<group>"; };
		C44E20471B6B1E3B00C8993E /* SettingsTableViewController.h */ = {isa = PBXFileReference; fileEncoding = 4; lastKnownFileType = sourcecode.c.h; path = SettingsTableViewController.h; sourceTree = "<group>"; };
		C44E20481B6B1E3B00C8993E /* SettingsTableViewController.m */ = {isa = PBXFileReference; fileEncoding = 4; lastKnownFileType = sourcecode.c.objc; path = SettingsTableViewController.m; sourceTree = "<group>"; };
		C44E204D1B6E959100C8993E /* HorizontalMenu.h */ = {isa = PBXFileReference; fileEncoding = 4; lastKnownFileType = sourcecode.c.h; path = HorizontalMenu.h; sourceTree = "<group>"; };
		C44E204E1B6E959100C8993E /* HorizontalMenu.m */ = {isa = PBXFileReference; fileEncoding = 4; lastKnownFileType = sourcecode.c.objc; path = HorizontalMenu.m; sourceTree = "<group>"; };
		C44E20571B6EDE7E00C8993E /* StoreCollectionViewCell.h */ = {isa = PBXFileReference; fileEncoding = 4; lastKnownFileType = sourcecode.c.h; path = StoreCollectionViewCell.h; sourceTree = "<group>"; };
		C44E20581B6EDE7E00C8993E /* StoreCollectionViewCell.m */ = {isa = PBXFileReference; fileEncoding = 4; lastKnownFileType = sourcecode.c.objc; path = StoreCollectionViewCell.m; sourceTree = "<group>"; };
		C44E20591B6EDE7E00C8993E /* StoreCollectionViewCell.xib */ = {isa = PBXFileReference; fileEncoding = 4; lastKnownFileType = file.xib; path = StoreCollectionViewCell.xib; sourceTree = "<group>"; };
		C44E205C1B6F007600C8993E /* bellucci.jpg */ = {isa = PBXFileReference; lastKnownFileType = image.jpeg; path = bellucci.jpg; sourceTree = "<group>"; };
		C4B016181B567E0600EA4F92 /* SystemConfiguration.framework */ = {isa = PBXFileReference; lastKnownFileType = wrapper.framework; name = SystemConfiguration.framework; path = System/Library/Frameworks/SystemConfiguration.framework; sourceTree = SDKROOT; };
		C9C339701B7A1FE80025A762 /* SelectImageViewController.h */ = {isa = PBXFileReference; fileEncoding = 4; lastKnownFileType = sourcecode.c.h; path = SelectImageViewController.h; sourceTree = "<group>"; };
		C9C339711B7A1FE80025A762 /* SelectImageViewController.m */ = {isa = PBXFileReference; fileEncoding = 4; lastKnownFileType = sourcecode.c.objc; path = SelectImageViewController.m; sourceTree = "<group>"; };
		C9C339721B7A1FE80025A762 /* RecordVideoViewController.h */ = {isa = PBXFileReference; fileEncoding = 4; lastKnownFileType = sourcecode.c.h; path = RecordVideoViewController.h; sourceTree = "<group>"; };
		C9C339731B7A1FE80025A762 /* RecordVideoViewController.m */ = {isa = PBXFileReference; fileEncoding = 4; lastKnownFileType = sourcecode.c.objc; path = RecordVideoViewController.m; sourceTree = "<group>"; };
		C9C339761B7A1FEF0025A762 /* ShareHelperFunctions.h */ = {isa = PBXFileReference; fileEncoding = 4; lastKnownFileType = sourcecode.c.h; path = ShareHelperFunctions.h; sourceTree = "<group>"; };
		C9C339771B7A1FEF0025A762 /* ShareHelperFunctions.m */ = {isa = PBXFileReference; fileEncoding = 4; lastKnownFileType = sourcecode.c.objc; path = ShareHelperFunctions.m; sourceTree = "<group>"; };
		C9C3397B1B7A20430025A762 /* libWeiboSDK.a */ = {isa = PBXFileReference; lastKnownFileType = archive.ar; path = libWeiboSDK.a; sourceTree = "<group>"; };
		C9C3397C1B7A20430025A762 /* WBHttpRequest+WeiboGame.h */ = {isa = PBXFileReference; fileEncoding = 4; lastKnownFileType = sourcecode.c.h; path = "WBHttpRequest+WeiboGame.h"; sourceTree = "<group>"; };
		C9C3397D1B7A20430025A762 /* WBHttpRequest+WeiboShare.h */ = {isa = PBXFileReference; fileEncoding = 4; lastKnownFileType = sourcecode.c.h; path = "WBHttpRequest+WeiboShare.h"; sourceTree = "<group>"; };
		C9C3397E1B7A20430025A762 /* WBHttpRequest+WeiboToken.h */ = {isa = PBXFileReference; fileEncoding = 4; lastKnownFileType = sourcecode.c.h; path = "WBHttpRequest+WeiboToken.h"; sourceTree = "<group>"; };
		C9C3397F1B7A20430025A762 /* WBHttpRequest+WeiboUser.h */ = {isa = PBXFileReference; fileEncoding = 4; lastKnownFileType = sourcecode.c.h; path = "WBHttpRequest+WeiboUser.h"; sourceTree = "<group>"; };
		C9C339801B7A20430025A762 /* WBHttpRequest.h */ = {isa = PBXFileReference; fileEncoding = 4; lastKnownFileType = sourcecode.c.h; path = WBHttpRequest.h; sourceTree = "<group>"; };
		C9C339811B7A20430025A762 /* WBSDKBasicButton.h */ = {isa = PBXFileReference; fileEncoding = 4; lastKnownFileType = sourcecode.c.h; path = WBSDKBasicButton.h; sourceTree = "<group>"; };
		C9C339821B7A20430025A762 /* WBSDKCommentButton.h */ = {isa = PBXFileReference; fileEncoding = 4; lastKnownFileType = sourcecode.c.h; path = WBSDKCommentButton.h; sourceTree = "<group>"; };
		C9C339831B7A20430025A762 /* WBSDKRelationshipButton.h */ = {isa = PBXFileReference; fileEncoding = 4; lastKnownFileType = sourcecode.c.h; path = WBSDKRelationshipButton.h; sourceTree = "<group>"; };
		C9C339841B7A20430025A762 /* WeiboSDK.bundle */ = {isa = PBXFileReference; lastKnownFileType = "wrapper.plug-in"; path = WeiboSDK.bundle; sourceTree = "<group>"; };
		C9C339851B7A20430025A762 /* WeiboSDK.h */ = {isa = PBXFileReference; fileEncoding = 4; lastKnownFileType = sourcecode.c.h; path = WeiboSDK.h; sourceTree = "<group>"; };
		C9C339861B7A20430025A762 /* WeiboUser.h */ = {isa = PBXFileReference; fileEncoding = 4; lastKnownFileType = sourcecode.c.h; path = WeiboUser.h; sourceTree = "<group>"; };
		C9C3398A1B7A205C0025A762 /* libWeChatSDK.a */ = {isa = PBXFileReference; lastKnownFileType = archive.ar; path = libWeChatSDK.a; sourceTree = "<group>"; };
		C9C3398B1B7A205C0025A762 /* WXApi.h */ = {isa = PBXFileReference; fileEncoding = 4; lastKnownFileType = sourcecode.c.h; path = WXApi.h; sourceTree = "<group>"; };
		C9C3398C1B7A205C0025A762 /* WXApiObject.h */ = {isa = PBXFileReference; fileEncoding = 4; lastKnownFileType = sourcecode.c.h; path = WXApiObject.h; sourceTree = "<group>"; };
		C9C3398E1B7A20B60025A762 /* MobileCoreServices.framework */ = {isa = PBXFileReference; lastKnownFileType = wrapper.framework; name = MobileCoreServices.framework; path = System/Library/Frameworks/MobileCoreServices.framework; sourceTree = SDKROOT; };
		C9C339901B7A20BB0025A762 /* MediaPlayer.framework */ = {isa = PBXFileReference; lastKnownFileType = wrapper.framework; name = MediaPlayer.framework; path = System/Library/Frameworks/MediaPlayer.framework; sourceTree = SDKROOT; };
		C9C339921B7A20C00025A762 /* CoreGraphics.framework */ = {isa = PBXFileReference; lastKnownFileType = wrapper.framework; name = CoreGraphics.framework; path = System/Library/Frameworks/CoreGraphics.framework; sourceTree = SDKROOT; };
		C9C339941B7A20C60025A762 /* Foundation.framework */ = {isa = PBXFileReference; lastKnownFileType = wrapper.framework; name = Foundation.framework; path = System/Library/Frameworks/Foundation.framework; sourceTree = SDKROOT; };
		C9C339961B7A20CB0025A762 /* UIKit.framework */ = {isa = PBXFileReference; lastKnownFileType = wrapper.framework; name = UIKit.framework; path = System/Library/Frameworks/UIKit.framework; sourceTree = SDKROOT; };
		C9C339981B7A20D00025A762 /* Security.framework */ = {isa = PBXFileReference; lastKnownFileType = wrapper.framework; name = Security.framework; path = System/Library/Frameworks/Security.framework; sourceTree = SDKROOT; };
		C9C3399A1B7A20D60025A762 /* ImageIO.framework */ = {isa = PBXFileReference; lastKnownFileType = wrapper.framework; name = ImageIO.framework; path = System/Library/Frameworks/ImageIO.framework; sourceTree = SDKROOT; };
		C9C3399C1B7A20DC0025A762 /* QuartzCore.framework */ = {isa = PBXFileReference; lastKnownFileType = wrapper.framework; name = QuartzCore.framework; path = System/Library/Frameworks/QuartzCore.framework; sourceTree = SDKROOT; };
		C9C3399E1B7A20E20025A762 /* CoreText.framework */ = {isa = PBXFileReference; lastKnownFileType = wrapper.framework; name = CoreText.framework; path = System/Library/Frameworks/CoreText.framework; sourceTree = SDKROOT; };
		C9C339A01B7A20E70025A762 /* CoreTelephony.framework */ = {isa = PBXFileReference; lastKnownFileType = wrapper.framework; name = CoreTelephony.framework; path = System/Library/Frameworks/CoreTelephony.framework; sourceTree = SDKROOT; };
		C9C339A21B7A20EE0025A762 /* libsqlite3.dylib */ = {isa = PBXFileReference; lastKnownFileType = "compiled.mach-o.dylib"; name = libsqlite3.dylib; path = usr/lib/libsqlite3.dylib; sourceTree = SDKROOT; };
		C9C339A41B7A20F40025A762 /* CoreImage.framework */ = {isa = PBXFileReference; lastKnownFileType = wrapper.framework; name = CoreImage.framework; path = System/Library/Frameworks/CoreImage.framework; sourceTree = SDKROOT; };
		C9C339A61B7A20FE0025A762 /* libc++.dylib */ = {isa = PBXFileReference; lastKnownFileType = "compiled.mach-o.dylib"; name = "libc++.dylib"; path = "usr/lib/libc++.dylib"; sourceTree = SDKROOT; };
		DAB979241B4CC9B100314A35 /* BarterTableViewController.h */ = {isa = PBXFileReference; fileEncoding = 4; lastKnownFileType = sourcecode.c.h; path = BarterTableViewController.h; sourceTree = "<group>"; };
		DAB979251B4CC9B100314A35 /* BarterTableViewController.m */ = {isa = PBXFileReference; fileEncoding = 4; lastKnownFileType = sourcecode.c.objc; path = BarterTableViewController.m; sourceTree = "<group>"; };
		DAC619E91B4B71540078F737 /* Swapp.app */ = {isa = PBXFileReference; explicitFileType = wrapper.application; includeInIndex = 0; path = Swapp.app; sourceTree = BUILT_PRODUCTS_DIR; };
		DAC619ED1B4B71540078F737 /* Info.plist */ = {isa = PBXFileReference; lastKnownFileType = text.plist.xml; path = Info.plist; sourceTree = "<group>"; };
		DAC619EE1B4B71540078F737 /* main.m */ = {isa = PBXFileReference; lastKnownFileType = sourcecode.c.objc; path = main.m; sourceTree = "<group>"; };
		DAC619F01B4B71540078F737 /* AppDelegate.h */ = {isa = PBXFileReference; lastKnownFileType = sourcecode.c.h; path = AppDelegate.h; sourceTree = "<group>"; };
		DAC619F11B4B71540078F737 /* AppDelegate.m */ = {isa = PBXFileReference; lastKnownFileType = sourcecode.c.objc; path = AppDelegate.m; sourceTree = "<group>"; };
		DAC619F71B4B71540078F737 /* Base */ = {isa = PBXFileReference; lastKnownFileType = file.storyboard; name = Base; path = Base.lproj/Main.storyboard; sourceTree = "<group>"; };
		DAC619F91B4B71540078F737 /* Images.xcassets */ = {isa = PBXFileReference; lastKnownFileType = folder.assetcatalog; path = Images.xcassets; sourceTree = "<group>"; };
		DAC619FC1B4B71540078F737 /* Base */ = {isa = PBXFileReference; lastKnownFileType = file.xib; name = Base; path = Base.lproj/LaunchScreen.xib; sourceTree = "<group>"; };
		DAC61A021B4B71540078F737 /* SwappTests.xctest */ = {isa = PBXFileReference; explicitFileType = wrapper.cfbundle; includeInIndex = 0; path = SwappTests.xctest; sourceTree = BUILT_PRODUCTS_DIR; };
		DAC61A071B4B71540078F737 /* Info.plist */ = {isa = PBXFileReference; lastKnownFileType = text.plist.xml; path = Info.plist; sourceTree = "<group>"; };
		DAC61A081B4B71540078F737 /* SwappTests.m */ = {isa = PBXFileReference; lastKnownFileType = sourcecode.c.objc; path = SwappTests.m; sourceTree = "<group>"; };
/* End PBXFileReference section */

/* Begin PBXFrameworksBuildPhase section */
		DAC619E61B4B71540078F737 /* Frameworks */ = {
			isa = PBXFrameworksBuildPhase;
			buildActionMask = 2147483647;
			files = (
				C9C339A71B7A20FE0025A762 /* libc++.dylib in Frameworks */,
				C9C339A51B7A20F40025A762 /* CoreImage.framework in Frameworks */,
				C9C339A31B7A20EE0025A762 /* libsqlite3.dylib in Frameworks */,
				C9C339A11B7A20E70025A762 /* CoreTelephony.framework in Frameworks */,
				C9C3399F1B7A20E20025A762 /* CoreText.framework in Frameworks */,
				C9C3399D1B7A20DC0025A762 /* QuartzCore.framework in Frameworks */,
				C9C3399B1B7A20D60025A762 /* ImageIO.framework in Frameworks */,
				C9C339991B7A20D00025A762 /* Security.framework in Frameworks */,
				C9C339971B7A20CB0025A762 /* UIKit.framework in Frameworks */,
				C9C339951B7A20C60025A762 /* Foundation.framework in Frameworks */,
				C9C339931B7A20C00025A762 /* CoreGraphics.framework in Frameworks */,
				C9C339911B7A20BB0025A762 /* MediaPlayer.framework in Frameworks */,
				C9C3398F1B7A20B60025A762 /* MobileCoreServices.framework in Frameworks */,
				164A78C81B7699C400B4FA23 /* libxml2.2.dylib in Frameworks */,
				164A78C61B7699BC00B4FA23 /* libz.dylib in Frameworks */,
				C4B016191B567E0600EA4F92 /* SystemConfiguration.framework in Frameworks */,
				C9C339871B7A20430025A762 /* libWeiboSDK.a in Frameworks */,
				C9C3398D1B7A205C0025A762 /* libWeChatSDK.a in Frameworks */,
			);
			runOnlyForDeploymentPostprocessing = 0;
		};
		DAC619FF1B4B71540078F737 /* Frameworks */ = {
			isa = PBXFrameworksBuildPhase;
			buildActionMask = 2147483647;
			files = (
			);
			runOnlyForDeploymentPostprocessing = 0;
		};
/* End PBXFrameworksBuildPhase section */

/* Begin PBXGroup section */
		164A78071B76994A00B4FA23 /* UploadImagesAndVideos */ = {
			isa = PBXGroup;
			children = (
				164A78081B76999E00B4FA23 /* UploadImageAndVideoViewController.h */,
				164A78091B76999E00B4FA23 /* UploadImageAndVideoViewController.m */,
				164A780A1B76999E00B4FA23 /* UploadImageAndVideoViewController.xib */,
				164A780B1B76999E00B4FA23 /* youkuKeyCodeNotes.txt */,
				164A78201B76999E00B4FA23 /* ELCImagePicker */,
				164A784A1B76999E00B4FA23 /* youkuUploader */,
			);
			name = UploadImagesAndVideos;
			sourceTree = "<group>";
		};
		164A780C1B76999E00B4FA23 /* AFNetworking */ = {
			isa = PBXGroup;
			children = (
				164A780D1B76999E00B4FA23 /* AFHTTPRequestOperation.h */,
				164A780E1B76999E00B4FA23 /* AFHTTPRequestOperation.m */,
				164A780F1B76999E00B4FA23 /* AFHTTPRequestOperationManager.h */,
				164A78101B76999E00B4FA23 /* AFHTTPRequestOperationManager.m */,
				164A78111B76999E00B4FA23 /* AFHTTPSessionManager.h */,
				164A78121B76999E00B4FA23 /* AFHTTPSessionManager.m */,
				164A78131B76999E00B4FA23 /* AFNetworking.h */,
				164A78141B76999E00B4FA23 /* AFNetworkReachabilityManager.h */,
				164A78151B76999E00B4FA23 /* AFNetworkReachabilityManager.m */,
				164A78161B76999E00B4FA23 /* AFSecurityPolicy.h */,
				164A78171B76999E00B4FA23 /* AFSecurityPolicy.m */,
				164A78181B76999E00B4FA23 /* AFURLConnectionOperation.h */,
				164A78191B76999E00B4FA23 /* AFURLConnectionOperation.m */,
				164A781A1B76999E00B4FA23 /* AFURLRequestSerialization.h */,
				164A781B1B76999E00B4FA23 /* AFURLRequestSerialization.m */,
				164A781C1B76999E00B4FA23 /* AFURLResponseSerialization.h */,
				164A781D1B76999E00B4FA23 /* AFURLResponseSerialization.m */,
				164A781E1B76999E00B4FA23 /* AFURLSessionManager.h */,
				164A781F1B76999E00B4FA23 /* AFURLSessionManager.m */,
			);
			path = AFNetworking;
			sourceTree = "<group>";
		};
		164A78201B76999E00B4FA23 /* ELCImagePicker */ = {
			isa = PBXGroup;
			children = (
				164A78211B76999E00B4FA23 /* ELCAlbumPickerController.h */,
				164A78221B76999E00B4FA23 /* ELCAlbumPickerController.m */,
				164A78231B76999E00B4FA23 /* ELCAsset.h */,
				164A78241B76999E00B4FA23 /* ELCAsset.m */,
				164A78251B76999E00B4FA23 /* ELCAssetCell.h */,
				164A78261B76999E00B4FA23 /* ELCAssetCell.m */,
				164A78271B76999E00B4FA23 /* ELCAssetPickerFilterDelegate.h */,
				164A78281B76999E00B4FA23 /* ELCAssetSelectionDelegate.h */,
				164A78291B76999E00B4FA23 /* ELCAssetTablePicker.h */,
				164A782A1B76999E00B4FA23 /* ELCAssetTablePicker.m */,
				164A782B1B76999E00B4FA23 /* ELCConsole.h */,
				164A782C1B76999E00B4FA23 /* ELCConsole.m */,
				164A782D1B76999E00B4FA23 /* ELCImagePickerController.h */,
				164A782E1B76999E00B4FA23 /* ELCImagePickerController.m */,
				164A782F1B76999E00B4FA23 /* ELCImagePickerHeader.h */,
				164A78301B76999E00B4FA23 /* ELCOverlayImageView.h */,
				164A78311B76999E00B4FA23 /* ELCOverlayImageView.m */,
				164A78321B76999E00B4FA23 /* Resources */,
			);
			path = ELCImagePicker;
			sourceTree = "<group>";
		};
		164A78321B76999E00B4FA23 /* Resources */ = {
			isa = PBXGroup;
			children = (
				164A78331B76999E00B4FA23 /* ELCAlbumPickerController.xib */,
				164A78341B76999E00B4FA23 /* ELCAssetPicker.xib */,
				164A78351B76999E00B4FA23 /* ELCAssetTablePicker.xib */,
				164A78361B76999E00B4FA23 /* Overlay.png */,
				164A78371B76999E00B4FA23 /* Overlay@2x.png */,
			);
			path = Resources;
			sourceTree = "<group>";
		};
		164A78381B76999E00B4FA23 /* UIKit+AFNetworking */ = {
			isa = PBXGroup;
			children = (
				164A78391B76999E00B4FA23 /* AFNetworkActivityIndicatorManager.h */,
				164A783A1B76999E00B4FA23 /* AFNetworkActivityIndicatorManager.m */,
				164A783B1B76999E00B4FA23 /* UIActivityIndicatorView+AFNetworking.h */,
				164A783C1B76999E00B4FA23 /* UIActivityIndicatorView+AFNetworking.m */,
				164A783D1B76999E00B4FA23 /* UIAlertView+AFNetworking.h */,
				164A783E1B76999E00B4FA23 /* UIAlertView+AFNetworking.m */,
				164A783F1B76999E00B4FA23 /* UIButton+AFNetworking.h */,
				164A78401B76999E00B4FA23 /* UIButton+AFNetworking.m */,
				164A78411B76999E00B4FA23 /* UIImageView+AFNetworking.h */,
				164A78421B76999E00B4FA23 /* UIImageView+AFNetworking.m */,
				164A78431B76999E00B4FA23 /* UIKit+AFNetworking.h */,
				164A78441B76999E00B4FA23 /* UIProgressView+AFNetworking.h */,
				164A78451B76999E00B4FA23 /* UIProgressView+AFNetworking.m */,
				164A78461B76999E00B4FA23 /* UIRefreshControl+AFNetworking.h */,
				164A78471B76999E00B4FA23 /* UIRefreshControl+AFNetworking.m */,
				164A78481B76999E00B4FA23 /* UIWebView+AFNetworking.h */,
				164A78491B76999E00B4FA23 /* UIWebView+AFNetworking.m */,
			);
			path = "UIKit+AFNetworking";
			sourceTree = "<group>";
		};
		164A784A1B76999E00B4FA23 /* youkuUploader */ = {
			isa = PBXGroup;
			children = (
				164A784B1B76999E00B4FA23 /* Classes */,
				164A78501B76999E00B4FA23 /* libs */,
			);
			path = youkuUploader;
			sourceTree = "<group>";
		};
		164A784B1B76999E00B4FA23 /* Classes */ = {
			isa = PBXGroup;
			children = (
				164A784C1B76999E00B4FA23 /* YoukuUploader.h */,
				164A784D1B76999E00B4FA23 /* YoukuUploader.m */,
				164A784E1B76999E00B4FA23 /* YoukuUploaderConfig.h */,
				164A784F1B76999E00B4FA23 /* YoukuUploaderDelegate.h */,
			);
			path = Classes;
			sourceTree = "<group>";
		};
		164A78501B76999E00B4FA23 /* libs */ = {
			isa = PBXGroup;
			children = (
				164A78511B76999E00B4FA23 /* ASIHttpRequest */,
				164A78861B76999F00B4FA23 /* JSONKit */,
				164A78891B76999F00B4FA23 /* Reachability */,
			);
			path = libs;
			sourceTree = "<group>";
		};
		164A78511B76999E00B4FA23 /* ASIHttpRequest */ = {
			isa = PBXGroup;
			children = (
				164A78521B76999E00B4FA23 /* ASIAuthenticationDialog.h */,
				164A78531B76999E00B4FA23 /* ASIAuthenticationDialog.m */,
				164A78541B76999E00B4FA23 /* ASICacheDelegate.h */,
				164A78551B76999E00B4FA23 /* ASIDataCompressor.h */,
				164A78561B76999E00B4FA23 /* ASIDataCompressor.m */,
				164A78571B76999E00B4FA23 /* ASIDataDecompressor.h */,
				164A78581B76999E00B4FA23 /* ASIDataDecompressor.m */,
				164A78591B76999E00B4FA23 /* ASIDownloadCache.h */,
				164A785A1B76999E00B4FA23 /* ASIDownloadCache.m */,
				164A785B1B76999E00B4FA23 /* ASIFormDataRequest.h */,
				164A785C1B76999E00B4FA23 /* ASIFormDataRequest.m */,
				164A785D1B76999E00B4FA23 /* ASIHTTPRequest.h */,
				164A785E1B76999E00B4FA23 /* ASIHTTPRequest.m */,
				164A785F1B76999E00B4FA23 /* ASIHTTPRequestConfig.h */,
				164A78601B76999E00B4FA23 /* ASIHTTPRequestDelegate.h */,
				164A78611B76999E00B4FA23 /* ASIInputStream.h */,
				164A78621B76999E00B4FA23 /* ASIInputStream.m */,
				164A78631B76999E00B4FA23 /* ASINetworkQueue.h */,
				164A78641B76999E00B4FA23 /* ASINetworkQueue.m */,
				164A78651B76999E00B4FA23 /* ASIProgressDelegate.h */,
				164A78661B76999E00B4FA23 /* ASIWebPageRequest */,
				164A78691B76999F00B4FA23 /* CloudFiles */,
				164A78781B76999F00B4FA23 /* S3 */,
			);
			path = ASIHttpRequest;
			sourceTree = "<group>";
		};
		164A78661B76999E00B4FA23 /* ASIWebPageRequest */ = {
			isa = PBXGroup;
			children = (
				164A78671B76999E00B4FA23 /* ASIWebPageRequest.h */,
				164A78681B76999F00B4FA23 /* ASIWebPageRequest.m */,
			);
			path = ASIWebPageRequest;
			sourceTree = "<group>";
		};
		164A78691B76999F00B4FA23 /* CloudFiles */ = {
			isa = PBXGroup;
			children = (
				164A786A1B76999F00B4FA23 /* ASICloudFilesCDNRequest.h */,
				164A786B1B76999F00B4FA23 /* ASICloudFilesCDNRequest.m */,
				164A786C1B76999F00B4FA23 /* ASICloudFilesContainer.h */,
				164A786D1B76999F00B4FA23 /* ASICloudFilesContainer.m */,
				164A786E1B76999F00B4FA23 /* ASICloudFilesContainerRequest.h */,
				164A786F1B76999F00B4FA23 /* ASICloudFilesContainerRequest.m */,
				164A78701B76999F00B4FA23 /* ASICloudFilesContainerXMLParserDelegate.h */,
				164A78711B76999F00B4FA23 /* ASICloudFilesContainerXMLParserDelegate.m */,
				164A78721B76999F00B4FA23 /* ASICloudFilesObject.h */,
				164A78731B76999F00B4FA23 /* ASICloudFilesObject.m */,
				164A78741B76999F00B4FA23 /* ASICloudFilesObjectRequest.h */,
				164A78751B76999F00B4FA23 /* ASICloudFilesObjectRequest.m */,
				164A78761B76999F00B4FA23 /* ASICloudFilesRequest.h */,
				164A78771B76999F00B4FA23 /* ASICloudFilesRequest.m */,
			);
			path = CloudFiles;
			sourceTree = "<group>";
		};
		164A78781B76999F00B4FA23 /* S3 */ = {
			isa = PBXGroup;
			children = (
				164A78791B76999F00B4FA23 /* ASINSXMLParserCompat.h */,
				164A787A1B76999F00B4FA23 /* ASIS3Bucket.h */,
				164A787B1B76999F00B4FA23 /* ASIS3Bucket.m */,
				164A787C1B76999F00B4FA23 /* ASIS3BucketObject.h */,
				164A787D1B76999F00B4FA23 /* ASIS3BucketObject.m */,
				164A787E1B76999F00B4FA23 /* ASIS3BucketRequest.h */,
				164A787F1B76999F00B4FA23 /* ASIS3BucketRequest.m */,
				164A78801B76999F00B4FA23 /* ASIS3ObjectRequest.h */,
				164A78811B76999F00B4FA23 /* ASIS3ObjectRequest.m */,
				164A78821B76999F00B4FA23 /* ASIS3Request.h */,
				164A78831B76999F00B4FA23 /* ASIS3Request.m */,
				164A78841B76999F00B4FA23 /* ASIS3ServiceRequest.h */,
				164A78851B76999F00B4FA23 /* ASIS3ServiceRequest.m */,
			);
			path = S3;
			sourceTree = "<group>";
		};
		164A78861B76999F00B4FA23 /* JSONKit */ = {
			isa = PBXGroup;
			children = (
				164A78871B76999F00B4FA23 /* JSONKit.h */,
				164A78881B76999F00B4FA23 /* JSONKit.m */,
			);
			path = JSONKit;
			sourceTree = "<group>";
		};
		164A78891B76999F00B4FA23 /* Reachability */ = {
			isa = PBXGroup;
			children = (
				164A788A1B76999F00B4FA23 /* Reachability.h */,
				164A788B1B76999F00B4FA23 /* Reachability.m */,
			);
			path = Reachability;
			sourceTree = "<group>";
		};
		164A78C91B76A56F00B4FA23 /* AFNetworkingPackage */ = {
			isa = PBXGroup;
			children = (
				164A780C1B76999E00B4FA23 /* AFNetworking */,
				164A78381B76999E00B4FA23 /* UIKit+AFNetworking */,
			);
			name = AFNetworkingPackage;
			sourceTree = "<group>";
		};
		16FF05CF1B58A8D700E6FE17 /* Certifications */ = {
			isa = PBXGroup;
			children = (
				16FF05CD1B58A8D200E6FE17 /* SwappCertification.zip */,
				16FF05D01B58A9A200E6FE17 /* CertificationREADME.txt */,
			);
			name = Certifications;
			sourceTree = "<group>";
		};
		C40B3BB81B5C469500D674CB /* Frameworks */ = {
			isa = PBXGroup;
			children = (
				C9C339A61B7A20FE0025A762 /* libc++.dylib */,
				C9C339A41B7A20F40025A762 /* CoreImage.framework */,
				C9C339A21B7A20EE0025A762 /* libsqlite3.dylib */,
				C9C339A01B7A20E70025A762 /* CoreTelephony.framework */,
				C9C3399E1B7A20E20025A762 /* CoreText.framework */,
				C9C3399C1B7A20DC0025A762 /* QuartzCore.framework */,
				C9C3399A1B7A20D60025A762 /* ImageIO.framework */,
				C9C339981B7A20D00025A762 /* Security.framework */,
				C9C339961B7A20CB0025A762 /* UIKit.framework */,
				C9C339941B7A20C60025A762 /* Foundation.framework */,
				C9C339921B7A20C00025A762 /* CoreGraphics.framework */,
				C9C339901B7A20BB0025A762 /* MediaPlayer.framework */,
				C9C3398E1B7A20B60025A762 /* MobileCoreServices.framework */,
				164A78C71B7699C300B4FA23 /* libxml2.2.dylib */,
				164A78C51B7699BC00B4FA23 /* libz.dylib */,
				C4B016181B567E0600EA4F92 /* SystemConfiguration.framework */,
			);
			name = Frameworks;
			sourceTree = "<group>";
		};
		C40B3BB91B5C67A500D674CB /* SideBar */ = {
			isa = PBXGroup;
			children = (
				C40B3BBA1B5C68A900D674CB /* SideBarTableViewController.h */,
				C40B3BBB1B5C68A900D674CB /* SideBarTableViewController.m */,
				C40B3BBE1B5C6C6900D674CB /* SideBarTableViewCell.h */,
				C40B3BBF1B5C6C6900D674CB /* SideBarTableViewCell.m */,
			);
			name = SideBar;
			sourceTree = "<group>";
		};
		C40B3BBD1B5C6B7200D674CB /* UIImages */ = {
			isa = PBXGroup;
			children = (
			);
			name = UIImages;
			sourceTree = "<group>";
		};
		C4328E131B61EBF800247B17 /* Notification */ = {
			isa = PBXGroup;
			children = (
				C4328E141B61EC1600247B17 /* NotificationTableViewController.h */,
				C4328E151B61EC1600247B17 /* NotificationTableViewController.m */,
			);
			name = Notification;
			sourceTree = "<group>";
		};
		C4328E1D1B652A3600247B17 /* LMCollectionViewLayout */ = {
			isa = PBXGroup;
			children = (
				C4328E1E1B652A7700247B17 /* LMCollectionViewLayout.h */,
				C4328E1F1B652A7700247B17 /* LMCollectionViewLayout.m */,
			);
			name = LMCollectionViewLayout;
			sourceTree = "<group>";
		};
		C44E20421B69C83900C8993E /* MyStore */ = {
			isa = PBXGroup;
			children = (
				C44E20431B69C85B00C8993E /* MyStoreViewController.h */,
				C44E20441B69C85B00C8993E /* MyStoreViewController.m */,
				C44E204D1B6E959100C8993E /* HorizontalMenu.h */,
				C44E204E1B6E959100C8993E /* HorizontalMenu.m */,
				C44E20571B6EDE7E00C8993E /* StoreCollectionViewCell.h */,
				C44E20581B6EDE7E00C8993E /* StoreCollectionViewCell.m */,
				C44E20591B6EDE7E00C8993E /* StoreCollectionViewCell.xib */,
			);
			name = MyStore;
			sourceTree = "<group>";
		};
		C44E20461B6B1E1400C8993E /* Settings */ = {
			isa = PBXGroup;
			children = (
				C44E20471B6B1E3B00C8993E /* SettingsTableViewController.h */,
				C44E20481B6B1E3B00C8993E /* SettingsTableViewController.m */,
			);
			name = Settings;
			sourceTree = "<group>";
		};
		C9C3396F1B7A1FC30025A762 /* Camera and Sharing */ = {
			isa = PBXGroup;
			children = (
				C9C339701B7A1FE80025A762 /* SelectImageViewController.h */,
				C9C339711B7A1FE80025A762 /* SelectImageViewController.m */,
				C9C339721B7A1FE80025A762 /* RecordVideoViewController.h */,
				C9C339731B7A1FE80025A762 /* RecordVideoViewController.m */,
				C9C339761B7A1FEF0025A762 /* ShareHelperFunctions.h */,
				C9C339771B7A1FEF0025A762 /* ShareHelperFunctions.m */,
			);
			name = "Camera and Sharing";
			sourceTree = "<group>";
		};
		C9C339791B7A20310025A762 /* Wechat Weibo API */ = {
			isa = PBXGroup;
			children = (
				C9C339891B7A204A0025A762 /* WechatSDK */,
				C9C3397A1B7A20430025A762 /* libWeiboSDK */,
			);
			name = "Wechat Weibo API";
			sourceTree = "<group>";
		};
		C9C3397A1B7A20430025A762 /* libWeiboSDK */ = {
			isa = PBXGroup;
			children = (
				C9C3397B1B7A20430025A762 /* libWeiboSDK.a */,
				C9C3397C1B7A20430025A762 /* WBHttpRequest+WeiboGame.h */,
				C9C3397D1B7A20430025A762 /* WBHttpRequest+WeiboShare.h */,
				C9C3397E1B7A20430025A762 /* WBHttpRequest+WeiboToken.h */,
				C9C3397F1B7A20430025A762 /* WBHttpRequest+WeiboUser.h */,
				C9C339801B7A20430025A762 /* WBHttpRequest.h */,
				C9C339811B7A20430025A762 /* WBSDKBasicButton.h */,
				C9C339821B7A20430025A762 /* WBSDKCommentButton.h */,
				C9C339831B7A20430025A762 /* WBSDKRelationshipButton.h */,
				C9C339841B7A20430025A762 /* WeiboSDK.bundle */,
				C9C339851B7A20430025A762 /* WeiboSDK.h */,
				C9C339861B7A20430025A762 /* WeiboUser.h */,
			);
			path = libWeiboSDK;
			sourceTree = "<group>";
		};
		C9C339891B7A204A0025A762 /* WechatSDK */ = {
			isa = PBXGroup;
			children = (
				C9C3398A1B7A205C0025A762 /* libWeChatSDK.a */,
				C9C3398B1B7A205C0025A762 /* WXApi.h */,
				C9C3398C1B7A205C0025A762 /* WXApiObject.h */,
			);
			name = WechatSDK;
			sourceTree = "<group>";
		};
		DAB979231B4CC76000314A35 /* BarterTable */ = {
			isa = PBXGroup;
			children = (
				DAB979241B4CC9B100314A35 /* BarterTableViewController.h */,
				DAB979251B4CC9B100314A35 /* BarterTableViewController.m */,
				C4023BBF1B51F3E100CC5A45 /* BarterTableViewCell.h */,
				C4023BC01B51F3E100CC5A45 /* BarterTableViewCell.m */,
				C4023BC11B51F3E100CC5A45 /* BarterTableViewCell.xib */,
				C42505031B52C4D700231183 /* BarterDetailViewController.h */,
				C42505041B52C4D700231183 /* BarterDetailViewController.m */,
				C42505051B52C4D700231183 /* BarterDetailViewController.xib */,
			);
			name = BarterTable;
			sourceTree = "<group>";
		};
		DAC619E01B4B71540078F737 = {
			isa = PBXGroup;
			children = (
				C9C339791B7A20310025A762 /* Wechat Weibo API */,
				C9C3396F1B7A1FC30025A762 /* Camera and Sharing */,
				164A78071B76994A00B4FA23 /* UploadImagesAndVideos */,
				C44E20461B6B1E1400C8993E /* Settings */,
				C44E20421B69C83900C8993E /* MyStore */,
				C4328E131B61EBF800247B17 /* Notification */,
				16FF05CF1B58A8D700E6FE17 /* Certifications */,
				DAD5F04D1B4F7C6B0061F8CD /* MainPage */,
				DAB979231B4CC76000314A35 /* BarterTable */,
				C40B3BB91B5C67A500D674CB /* SideBar */,
				DAC619EB1B4B71540078F737 /* Swapp */,
				164A78C91B76A56F00B4FA23 /* AFNetworkingPackage */,
				C4328E1D1B652A3600247B17 /* LMCollectionViewLayout */,
				C40B3BB81B5C469500D674CB /* Frameworks */,
				DAC61A051B4B71540078F737 /* SwappTests */,
				DAC619EA1B4B71540078F737 /* Products */,
			);
			sourceTree = "<group>";
		};
		DAC619EA1B4B71540078F737 /* Products */ = {
			isa = PBXGroup;
			children = (
				DAC619E91B4B71540078F737 /* Swapp.app */,
				DAC61A021B4B71540078F737 /* SwappTests.xctest */,
			);
			name = Products;
			sourceTree = "<group>";
		};
		DAC619EB1B4B71540078F737 /* Swapp */ = {
			isa = PBXGroup;
			children = (
				C4023BC91B51F8D000CC5A45 /* CommonImports.h */,
				DAC619F01B4B71540078F737 /* AppDelegate.h */,
				DAC619F11B4B71540078F737 /* AppDelegate.m */,
				C40B3BB51B5C459800D674CB /* SWRevealViewController.h */,
				C40B3BB61B5C459800D674CB /* SWRevealViewController.m */,
				DAC619F61B4B71540078F737 /* Main.storyboard */,
				DAC619F91B4B71540078F737 /* Images.xcassets */,
				DAC619FB1B4B71540078F737 /* LaunchScreen.xib */,
				DAC619EC1B4B71540078F737 /* Supporting Files */,
			);
			path = Swapp;
			sourceTree = "<group>";
		};
		DAC619EC1B4B71540078F737 /* Supporting Files */ = {
			isa = PBXGroup;
			children = (
				C44E205C1B6F007600C8993E /* bellucci.jpg */,
				C40B3BBD1B5C6B7200D674CB /* UIImages */,
				DAC619ED1B4B71540078F737 /* Info.plist */,
				DAC619EE1B4B71540078F737 /* main.m */,
			);
			name = "Supporting Files";
			sourceTree = "<group>";
		};
		DAC61A051B4B71540078F737 /* SwappTests */ = {
			isa = PBXGroup;
			children = (
				DAC61A081B4B71540078F737 /* SwappTests.m */,
				DAC61A061B4B71540078F737 /* Supporting Files */,
			);
			path = SwappTests;
			sourceTree = "<group>";
		};
		DAC61A061B4B71540078F737 /* Supporting Files */ = {
			isa = PBXGroup;
			children = (
				DAC61A071B4B71540078F737 /* Info.plist */,
			);
			name = "Supporting Files";
			sourceTree = "<group>";
		};
		DAD5F04D1B4F7C6B0061F8CD /* MainPage */ = {
			isa = PBXGroup;
			children = (
				C4328E211B652C4E00247B17 /* LMCollectionViewController.h */,
				C4328E221B652C4E00247B17 /* LMCollectionViewController.m */,
				C4023BC41B51F40F00CC5A45 /* MainCollectionViewCell.h */,
				C4023BC51B51F40F00CC5A45 /* MainCollectionViewCell.m */,
				C4023BC61B51F40F00CC5A45 /* MainCollectionViewCell.xib */,
				C40E39821B6070370046AC2F /* ItemDetailViewController.h */,
				C40E39831B6070370046AC2F /* ItemDetailViewController.m */,
				C40E39841B6070370046AC2F /* ItemDetailViewController.xib */,
			);
			name = MainPage;
			sourceTree = "<group>";
		};
/* End PBXGroup section */

/* Begin PBXNativeTarget section */
		DAC619E81B4B71540078F737 /* Swapp */ = {
			isa = PBXNativeTarget;
			buildConfigurationList = DAC61A0C1B4B71540078F737 /* Build configuration list for PBXNativeTarget "Swapp" */;
			buildPhases = (
				DAC619E51B4B71540078F737 /* Sources */,
				DAC619E61B4B71540078F737 /* Frameworks */,
				DAC619E71B4B71540078F737 /* Resources */,
			);
			buildRules = (
			);
			dependencies = (
			);
			name = Swapp;
			productName = Swapp;
			productReference = DAC619E91B4B71540078F737 /* Swapp.app */;
			productType = "com.apple.product-type.application";
		};
		DAC61A011B4B71540078F737 /* SwappTests */ = {
			isa = PBXNativeTarget;
			buildConfigurationList = DAC61A0F1B4B71540078F737 /* Build configuration list for PBXNativeTarget "SwappTests" */;
			buildPhases = (
				DAC619FE1B4B71540078F737 /* Sources */,
				DAC619FF1B4B71540078F737 /* Frameworks */,
				DAC61A001B4B71540078F737 /* Resources */,
			);
			buildRules = (
			);
			dependencies = (
				DAC61A041B4B71540078F737 /* PBXTargetDependency */,
			);
			name = SwappTests;
			productName = SwappTests;
			productReference = DAC61A021B4B71540078F737 /* SwappTests.xctest */;
			productType = "com.apple.product-type.bundle.unit-test";
		};
/* End PBXNativeTarget section */

/* Begin PBXProject section */
		DAC619E11B4B71540078F737 /* Project object */ = {
			isa = PBXProject;
			attributes = {
				LastUpgradeCheck = 0640;
				ORGANIZATIONNAME = Limao;
				TargetAttributes = {
					DAC619E81B4B71540078F737 = {
						CreatedOnToolsVersion = 6.4;
						DevelopmentTeam = 777S6HRAMC;
					};
					DAC61A011B4B71540078F737 = {
						CreatedOnToolsVersion = 6.4;
						TestTargetID = DAC619E81B4B71540078F737;
					};
				};
			};
			buildConfigurationList = DAC619E41B4B71540078F737 /* Build configuration list for PBXProject "Swapp" */;
			compatibilityVersion = "Xcode 3.2";
			developmentRegion = English;
			hasScannedForEncodings = 0;
			knownRegions = (
				en,
				Base,
			);
			mainGroup = DAC619E01B4B71540078F737;
			productRefGroup = DAC619EA1B4B71540078F737 /* Products */;
			projectDirPath = "";
			projectRoot = "";
			targets = (
				DAC619E81B4B71540078F737 /* Swapp */,
				DAC61A011B4B71540078F737 /* SwappTests */,
			);
		};
/* End PBXProject section */

/* Begin PBXResourcesBuildPhase section */
		DAC619E71B4B71540078F737 /* Resources */ = {
			isa = PBXResourcesBuildPhase;
			buildActionMask = 2147483647;
			files = (
				C44E205B1B6EDE7E00C8993E /* StoreCollectionViewCell.xib in Resources */,
				C9C339881B7A20430025A762 /* WeiboSDK.bundle in Resources */,
				16FF05CE1B58A8D200E6FE17 /* SwappCertification.zip in Resources */,
				164A78A11B76999F00B4FA23 /* ELCAssetTablePicker.xib in Resources */,
				DAC619F81B4B71540078F737 /* Main.storyboard in Resources */,
				DAC619FD1B4B71540078F737 /* LaunchScreen.xib in Resources */,
				164A789F1B76999F00B4FA23 /* ELCAlbumPickerController.xib in Resources */,
				164A788E1B76999F00B4FA23 /* youkuKeyCodeNotes.txt in Resources */,
				DAC619FA1B4B71540078F737 /* Images.xcassets in Resources */,
				C4023BC81B51F40F00CC5A45 /* MainCollectionViewCell.xib in Resources */,
				164A78A21B76999F00B4FA23 /* Overlay.png in Resources */,
				C4023BC31B51F3E100CC5A45 /* BarterTableViewCell.xib in Resources */,
				164A78A31B76999F00B4FA23 /* Overlay@2x.png in Resources */,
				164A78A01B76999F00B4FA23 /* ELCAssetPicker.xib in Resources */,
				164A788D1B76999F00B4FA23 /* UploadImageAndVideoViewController.xib in Resources */,
				C42505071B52C4D700231183 /* BarterDetailViewController.xib in Resources */,
				C44E205D1B6F007600C8993E /* bellucci.jpg in Resources */,
				16FF05D11B58A9A200E6FE17 /* CertificationREADME.txt in Resources */,
				C40E39861B6070370046AC2F /* ItemDetailViewController.xib in Resources */,
			);
			runOnlyForDeploymentPostprocessing = 0;
		};
		DAC61A001B4B71540078F737 /* Resources */ = {
			isa = PBXResourcesBuildPhase;
			buildActionMask = 2147483647;
			files = (
			);
			runOnlyForDeploymentPostprocessing = 0;
		};
/* End PBXResourcesBuildPhase section */

/* Begin PBXSourcesBuildPhase section */
		DAC619E51B4B71540078F737 /* Sources */ = {
			isa = PBXSourcesBuildPhase;
			buildActionMask = 2147483647;
			files = (
				C44E20491B6B1E3B00C8993E /* SettingsTableViewController.m in Sources */,
				C40B3BC11B5C6C6900D674CB /* SideBarTableViewCell.m in Sources */,
				C9C339751B7A1FE80025A762 /* RecordVideoViewController.m in Sources */,
				164A78B31B76999F00B4FA23 /* ASIInputStream.m in Sources */,
				164A78BD1B76999F00B4FA23 /* ASIS3Bucket.m in Sources */,
				C4023BC71B51F40F00CC5A45 /* MainCollectionViewCell.m in Sources */,
				C40E39851B6070370046AC2F /* ItemDetailViewController.m in Sources */,
				164A78941B76999F00B4FA23 /* AFURLConnectionOperation.m in Sources */,
				164A78931B76999F00B4FA23 /* AFSecurityPolicy.m in Sources */,
				164A78AB1B76999F00B4FA23 /* UIWebView+AFNetworking.m in Sources */,
				164A78981B76999F00B4FA23 /* ELCAlbumPickerController.m in Sources */,
				C4328E231B652C4E00247B17 /* LMCollectionViewController.m in Sources */,
				164A78AA1B76999F00B4FA23 /* UIRefreshControl+AFNetworking.m in Sources */,
				C9C339741B7A1FE80025A762 /* SelectImageViewController.m in Sources */,
				164A78A41B76999F00B4FA23 /* AFNetworkActivityIndicatorManager.m in Sources */,
				164A789E1B76999F00B4FA23 /* ELCOverlayImageView.m in Sources */,
				164A78BF1B76999F00B4FA23 /* ASIS3BucketRequest.m in Sources */,
				164A789A1B76999F00B4FA23 /* ELCAssetCell.m in Sources */,
				164A78A81B76999F00B4FA23 /* UIImageView+AFNetworking.m in Sources */,
				164A78A71B76999F00B4FA23 /* UIButton+AFNetworking.m in Sources */,
				164A78C01B76999F00B4FA23 /* ASIS3ObjectRequest.m in Sources */,
				164A78A51B76999F00B4FA23 /* UIActivityIndicatorView+AFNetworking.m in Sources */,
				164A78911B76999F00B4FA23 /* AFHTTPSessionManager.m in Sources */,
				164A78B21B76999F00B4FA23 /* ASIHTTPRequest.m in Sources */,
				164A789B1B76999F00B4FA23 /* ELCAssetTablePicker.m in Sources */,
				C40B3BBC1B5C68A900D674CB /* SideBarTableViewController.m in Sources */,
				164A78B81B76999F00B4FA23 /* ASICloudFilesContainerRequest.m in Sources */,
				164A78B51B76999F00B4FA23 /* ASIWebPageRequest.m in Sources */,
				DAC619F21B4B71540078F737 /* AppDelegate.m in Sources */,
				164A78A91B76999F00B4FA23 /* UIProgressView+AFNetworking.m in Sources */,
				C4023BC21B51F3E100CC5A45 /* BarterTableViewCell.m in Sources */,
				164A78AD1B76999F00B4FA23 /* ASIAuthenticationDialog.m in Sources */,
				DAC619EF1B4B71540078F737 /* main.m in Sources */,
				164A78991B76999F00B4FA23 /* ELCAsset.m in Sources */,
				164A78BB1B76999F00B4FA23 /* ASICloudFilesObjectRequest.m in Sources */,
				164A789D1B76999F00B4FA23 /* ELCImagePickerController.m in Sources */,
				164A78B61B76999F00B4FA23 /* ASICloudFilesCDNRequest.m in Sources */,
				164A78B71B76999F00B4FA23 /* ASICloudFilesContainer.m in Sources */,
				164A78C11B76999F00B4FA23 /* ASIS3Request.m in Sources */,
				164A78BC1B76999F00B4FA23 /* ASICloudFilesRequest.m in Sources */,
				164A78B91B76999F00B4FA23 /* ASICloudFilesContainerXMLParserDelegate.m in Sources */,
				DAB979271B4CC9B100314A35 /* BarterTableViewController.m in Sources */,
				164A78AC1B76999F00B4FA23 /* YoukuUploader.m in Sources */,
				164A78AF1B76999F00B4FA23 /* ASIDataDecompressor.m in Sources */,
				164A78BE1B76999F00B4FA23 /* ASIS3BucketObject.m in Sources */,
				164A78A61B76999F00B4FA23 /* UIAlertView+AFNetworking.m in Sources */,
				164A78C21B76999F00B4FA23 /* ASIS3ServiceRequest.m in Sources */,
				164A78901B76999F00B4FA23 /* AFHTTPRequestOperationManager.m in Sources */,
				C44E205A1B6EDE7E00C8993E /* StoreCollectionViewCell.m in Sources */,
				164A789C1B76999F00B4FA23 /* ELCConsole.m in Sources */,
				164A78B41B76999F00B4FA23 /* ASINetworkQueue.m in Sources */,
				164A78C41B76999F00B4FA23 /* Reachability.m in Sources */,
				164A788F1B76999F00B4FA23 /* AFHTTPRequestOperation.m in Sources */,
				164A78971B76999F00B4FA23 /* AFURLSessionManager.m in Sources */,
				164A788C1B76999F00B4FA23 /* UploadImageAndVideoViewController.m in Sources */,
				164A78921B76999F00B4FA23 /* AFNetworkReachabilityManager.m in Sources */,
				164A78B01B76999F00B4FA23 /* ASIDownloadCache.m in Sources */,
				164A78961B76999F00B4FA23 /* AFURLResponseSerialization.m in Sources */,
				164A78951B76999F00B4FA23 /* AFURLRequestSerialization.m in Sources */,
				C44E204F1B6E959100C8993E /* HorizontalMenu.m in Sources */,
				164A78C31B76999F00B4FA23 /* JSONKit.m in Sources */,
				164A78B11B76999F00B4FA23 /* ASIFormDataRequest.m in Sources */,
				164A78AE1B76999F00B4FA23 /* ASIDataCompressor.m in Sources */,
				C9C339781B7A1FEF0025A762 /* ShareHelperFunctions.m in Sources */,
				C42505061B52C4D700231183 /* BarterDetailViewController.m in Sources */,
				C44E20451B69C85B00C8993E /* MyStoreViewController.m in Sources */,
				C4328E201B652A7700247B17 /* LMCollectionViewLayout.m in Sources */,
				C4328E161B61EC1600247B17 /* NotificationTableViewController.m in Sources */,
				164A78BA1B76999F00B4FA23 /* ASICloudFilesObject.m in Sources */,
				C40B3BB71B5C459800D674CB /* SWRevealViewController.m in Sources */,
			);
			runOnlyForDeploymentPostprocessing = 0;
		};
		DAC619FE1B4B71540078F737 /* Sources */ = {
			isa = PBXSourcesBuildPhase;
			buildActionMask = 2147483647;
			files = (
				DAC61A091B4B71540078F737 /* SwappTests.m in Sources */,
			);
			runOnlyForDeploymentPostprocessing = 0;
		};
/* End PBXSourcesBuildPhase section */

/* Begin PBXTargetDependency section */
		DAC61A041B4B71540078F737 /* PBXTargetDependency */ = {
			isa = PBXTargetDependency;
			target = DAC619E81B4B71540078F737 /* Swapp */;
			targetProxy = DAC61A031B4B71540078F737 /* PBXContainerItemProxy */;
		};
/* End PBXTargetDependency section */

/* Begin PBXVariantGroup section */
		DAC619F61B4B71540078F737 /* Main.storyboard */ = {
			isa = PBXVariantGroup;
			children = (
				DAC619F71B4B71540078F737 /* Base */,
			);
			name = Main.storyboard;
			sourceTree = "<group>";
		};
		DAC619FB1B4B71540078F737 /* LaunchScreen.xib */ = {
			isa = PBXVariantGroup;
			children = (
				DAC619FC1B4B71540078F737 /* Base */,
			);
			name = LaunchScreen.xib;
			sourceTree = "<group>";
		};
/* End PBXVariantGroup section */

/* Begin XCBuildConfiguration section */
		DAC61A0A1B4B71540078F737 /* Debug */ = {
			isa = XCBuildConfiguration;
			buildSettings = {
				ALWAYS_SEARCH_USER_PATHS = NO;
				CLANG_CXX_LANGUAGE_STANDARD = "gnu++0x";
				CLANG_CXX_LIBRARY = "libc++";
				CLANG_ENABLE_MODULES = YES;
				CLANG_ENABLE_OBJC_ARC = YES;
				CLANG_WARN_BOOL_CONVERSION = YES;
				CLANG_WARN_CONSTANT_CONVERSION = YES;
				CLANG_WARN_DIRECT_OBJC_ISA_USAGE = YES_ERROR;
				CLANG_WARN_EMPTY_BODY = YES;
				CLANG_WARN_ENUM_CONVERSION = YES;
				CLANG_WARN_INT_CONVERSION = YES;
				CLANG_WARN_OBJC_ROOT_CLASS = YES_ERROR;
				CLANG_WARN_UNREACHABLE_CODE = YES;
				CLANG_WARN__DUPLICATE_METHOD_MATCH = YES;
				"CODE_SIGN_IDENTITY[sdk=iphoneos*]" = "iPhone Developer";
				COPY_PHASE_STRIP = NO;
				DEBUG_INFORMATION_FORMAT = "dwarf-with-dsym";
				ENABLE_STRICT_OBJC_MSGSEND = YES;
				GCC_C_LANGUAGE_STANDARD = gnu99;
				GCC_DYNAMIC_NO_PIC = NO;
				GCC_NO_COMMON_BLOCKS = YES;
				GCC_OPTIMIZATION_LEVEL = 0;
				GCC_PREPROCESSOR_DEFINITIONS = (
					"DEBUG=1",
					"$(inherited)",
				);
				GCC_SYMBOLS_PRIVATE_EXTERN = NO;
				GCC_WARN_64_TO_32_BIT_CONVERSION = YES;
				GCC_WARN_ABOUT_RETURN_TYPE = YES_ERROR;
				GCC_WARN_UNDECLARED_SELECTOR = YES;
				GCC_WARN_UNINITIALIZED_AUTOS = YES_AGGRESSIVE;
				GCC_WARN_UNUSED_FUNCTION = YES;
				GCC_WARN_UNUSED_VARIABLE = YES;
				IPHONEOS_DEPLOYMENT_TARGET = 8.4;
				MTL_ENABLE_DEBUG_INFO = YES;
				ONLY_ACTIVE_ARCH = YES;
				SDKROOT = iphoneos;
			};
			name = Debug;
		};
		DAC61A0B1B4B71540078F737 /* Release */ = {
			isa = XCBuildConfiguration;
			buildSettings = {
				ALWAYS_SEARCH_USER_PATHS = NO;
				CLANG_CXX_LANGUAGE_STANDARD = "gnu++0x";
				CLANG_CXX_LIBRARY = "libc++";
				CLANG_ENABLE_MODULES = YES;
				CLANG_ENABLE_OBJC_ARC = YES;
				CLANG_WARN_BOOL_CONVERSION = YES;
				CLANG_WARN_CONSTANT_CONVERSION = YES;
				CLANG_WARN_DIRECT_OBJC_ISA_USAGE = YES_ERROR;
				CLANG_WARN_EMPTY_BODY = YES;
				CLANG_WARN_ENUM_CONVERSION = YES;
				CLANG_WARN_INT_CONVERSION = YES;
				CLANG_WARN_OBJC_ROOT_CLASS = YES_ERROR;
				CLANG_WARN_UNREACHABLE_CODE = YES;
				CLANG_WARN__DUPLICATE_METHOD_MATCH = YES;
				"CODE_SIGN_IDENTITY[sdk=iphoneos*]" = "iPhone Developer";
				COPY_PHASE_STRIP = NO;
				DEBUG_INFORMATION_FORMAT = "dwarf-with-dsym";
				ENABLE_NS_ASSERTIONS = NO;
				ENABLE_STRICT_OBJC_MSGSEND = YES;
				GCC_C_LANGUAGE_STANDARD = gnu99;
				GCC_NO_COMMON_BLOCKS = YES;
				GCC_WARN_64_TO_32_BIT_CONVERSION = YES;
				GCC_WARN_ABOUT_RETURN_TYPE = YES_ERROR;
				GCC_WARN_UNDECLARED_SELECTOR = YES;
				GCC_WARN_UNINITIALIZED_AUTOS = YES_AGGRESSIVE;
				GCC_WARN_UNUSED_FUNCTION = YES;
				GCC_WARN_UNUSED_VARIABLE = YES;
				IPHONEOS_DEPLOYMENT_TARGET = 8.4;
				MTL_ENABLE_DEBUG_INFO = NO;
				SDKROOT = iphoneos;
				VALIDATE_PRODUCT = YES;
			};
			name = Release;
		};
		DAC61A0D1B4B71540078F737 /* Debug */ = {
			isa = XCBuildConfiguration;
			buildSettings = {
				ASSETCATALOG_COMPILER_APPICON_NAME = AppIcon;
				CODE_SIGN_IDENTITY = "iPhone Developer";
				HEADER_SEARCH_PATHS = /usr/include/libxml2;
				INFOPLIST_FILE = Swapp/Info.plist;
				IPHONEOS_DEPLOYMENT_TARGET = 7.1;
				LD_RUNPATH_SEARCH_PATHS = "$(inherited) @executable_path/Frameworks";
				LIBRARY_SEARCH_PATHS = (
					"$(inherited)",
					"$(PROJECT_DIR)/libWeiboSDK",
					"$(PROJECT_DIR)",
				);
				OTHER_LDFLAGS = (
					"-Objc",
					"-all_load",
				);
				PRODUCT_NAME = "$(TARGET_NAME)";
				TARGETED_DEVICE_FAMILY = 1;
			};
			name = Debug;
		};
		DAC61A0E1B4B71540078F737 /* Release */ = {
			isa = XCBuildConfiguration;
			buildSettings = {
				ASSETCATALOG_COMPILER_APPICON_NAME = AppIcon;
				CODE_SIGN_IDENTITY = "iPhone Developer";
				HEADER_SEARCH_PATHS = /usr/include/libxml2;
				INFOPLIST_FILE = Swapp/Info.plist;
				IPHONEOS_DEPLOYMENT_TARGET = 7.1;
				LD_RUNPATH_SEARCH_PATHS = "$(inherited) @executable_path/Frameworks";
				LIBRARY_SEARCH_PATHS = (
					"$(inherited)",
					"$(PROJECT_DIR)/libWeiboSDK",
					"$(PROJECT_DIR)",
				);
				OTHER_LDFLAGS = (
					"-Objc",
					"-all_load",
				);
				PRODUCT_NAME = "$(TARGET_NAME)";
				TARGETED_DEVICE_FAMILY = 1;
			};
			name = Release;
		};
		DAC61A101B4B71540078F737 /* Debug */ = {
			isa = XCBuildConfiguration;
			buildSettings = {
				BUNDLE_LOADER = "$(TEST_HOST)";
				FRAMEWORK_SEARCH_PATHS = (
					"$(SDKROOT)/Developer/Library/Frameworks",
					"$(inherited)",
				);
				GCC_PREPROCESSOR_DEFINITIONS = (
					"DEBUG=1",
					"$(inherited)",
				);
				INFOPLIST_FILE = SwappTests/Info.plist;
				LD_RUNPATH_SEARCH_PATHS = "$(inherited) @executable_path/Frameworks @loader_path/Frameworks";
				PRODUCT_NAME = "$(TARGET_NAME)";
				TEST_HOST = "$(BUILT_PRODUCTS_DIR)/Swapp.app/Swapp";
			};
			name = Debug;
		};
		DAC61A111B4B71540078F737 /* Release */ = {
			isa = XCBuildConfiguration;
			buildSettings = {
				BUNDLE_LOADER = "$(TEST_HOST)";
				FRAMEWORK_SEARCH_PATHS = (
					"$(SDKROOT)/Developer/Library/Frameworks",
					"$(inherited)",
				);
				INFOPLIST_FILE = SwappTests/Info.plist;
				LD_RUNPATH_SEARCH_PATHS = "$(inherited) @executable_path/Frameworks @loader_path/Frameworks";
				PRODUCT_NAME = "$(TARGET_NAME)";
				TEST_HOST = "$(BUILT_PRODUCTS_DIR)/Swapp.app/Swapp";
			};
			name = Release;
		};
/* End XCBuildConfiguration section */

/* Begin XCConfigurationList section */
		DAC619E41B4B71540078F737 /* Build configuration list for PBXProject "Swapp" */ = {
			isa = XCConfigurationList;
			buildConfigurations = (
				DAC61A0A1B4B71540078F737 /* Debug */,
				DAC61A0B1B4B71540078F737 /* Release */,
			);
			defaultConfigurationIsVisible = 0;
			defaultConfigurationName = Release;
		};
		DAC61A0C1B4B71540078F737 /* Build configuration list for PBXNativeTarget "Swapp" */ = {
			isa = XCConfigurationList;
			buildConfigurations = (
				DAC61A0D1B4B71540078F737 /* Debug */,
				DAC61A0E1B4B71540078F737 /* Release */,
			);
			defaultConfigurationIsVisible = 0;
			defaultConfigurationName = Release;
		};
		DAC61A0F1B4B71540078F737 /* Build configuration list for PBXNativeTarget "SwappTests" */ = {
			isa = XCConfigurationList;
			buildConfigurations = (
				DAC61A101B4B71540078F737 /* Debug */,
				DAC61A111B4B71540078F737 /* Release */,
			);
			defaultConfigurationIsVisible = 0;
			defaultConfigurationName = Release;
		};
/* End XCConfigurationList section */
	};
	rootObject = DAC619E11B4B71540078F737 /* Project object */;
}
